// !$*UTF8*$!
{
	archiveVersion = 1;
	classes = {
	};
	objectVersion = 51;
	objects = {

/* Begin PBXBuildFile section */
		0C2CEE49E11672E9C55F26D7 /* Pods_SFPortfolioApp.framework in Frameworks */ = {isa = PBXBuildFile; fileRef = 6BF6E06D26D10038C691F09B /* Pods_SFPortfolioApp.framework */; };
		3274B388268EF58200E1B445 /* CategoryViewController.swift in Sources */ = {isa = PBXBuildFile; fileRef = 3274B387268EF58200E1B445 /* CategoryViewController.swift */; };
		3274B38A268EF59E00E1B445 /* CategoryViewController.xib in Resources */ = {isa = PBXBuildFile; fileRef = 3274B389268EF59E00E1B445 /* CategoryViewController.xib */; };
		3274B390268EF68600E1B445 /* CategoryTableViewCell.swift in Sources */ = {isa = PBXBuildFile; fileRef = 3274B38F268EF68600E1B445 /* CategoryTableViewCell.swift */; };
		32964BE72692E0CA00FC3B1A /* CategoryTableViewCellViewModel.swift in Sources */ = {isa = PBXBuildFile; fileRef = 32964BE62692E0CA00FC3B1A /* CategoryTableViewCellViewModel.swift */; };
		32964BE92692E0EC00FC3B1A /* CategoryViewModelProtocol.swift in Sources */ = {isa = PBXBuildFile; fileRef = 32964BE82692E0EC00FC3B1A /* CategoryViewModelProtocol.swift */; };
		32964BEB2692EECC00FC3B1A /* Category.swift in Sources */ = {isa = PBXBuildFile; fileRef = 32964BEA2692EECC00FC3B1A /* Category.swift */; };
		32964BED2692F06900FC3B1A /* CategoryTableViewCellViewModelProtocol.swift in Sources */ = {isa = PBXBuildFile; fileRef = 32964BEC2692F06900FC3B1A /* CategoryTableViewCellViewModelProtocol.swift */; };
		32C1316A268F0167000EDC1C /* CategoryTableViewCell.xib in Resources */ = {isa = PBXBuildFile; fileRef = 32C13169268F0167000EDC1C /* CategoryTableViewCell.xib */; };
		32C13190268F3ABC000EDC1C /* CategoryCoordinator.swift in Sources */ = {isa = PBXBuildFile; fileRef = 32C1318F268F3ABC000EDC1C /* CategoryCoordinator.swift */; };
		32CDD9AF268B0C9C008154AA /* AppDelegate.swift in Sources */ = {isa = PBXBuildFile; fileRef = 32CDD9AE268B0C9C008154AA /* AppDelegate.swift */; };
		32CDD9B1268B0C9C008154AA /* SceneDelegate.swift in Sources */ = {isa = PBXBuildFile; fileRef = 32CDD9B0268B0C9C008154AA /* SceneDelegate.swift */; };
		32CDD9B8268B0C9F008154AA /* Assets.xcassets in Resources */ = {isa = PBXBuildFile; fileRef = 32CDD9B7268B0C9F008154AA /* Assets.xcassets */; };
		32CDD9BB268B0C9F008154AA /* LaunchScreen.storyboard in Resources */ = {isa = PBXBuildFile; fileRef = 32CDD9B9268B0C9F008154AA /* LaunchScreen.storyboard */; };
		32CDD9C6268B46ED008154AA /* AppCoordinator.swift in Sources */ = {isa = PBXBuildFile; fileRef = 32CDD9C5268B46ED008154AA /* AppCoordinator.swift */; };
		9A236BE026917B1D000E8643 /* NSObject+Extensions.swift in Sources */ = {isa = PBXBuildFile; fileRef = 9A236BDF26917B1D000E8643 /* NSObject+Extensions.swift */; };
		9A236BE226917C22000E8643 /* CategoryItemsViewModelCoordinatorDelegate.swift in Sources */ = {isa = PBXBuildFile; fileRef = 9A236BE126917C22000E8643 /* CategoryItemsViewModelCoordinatorDelegate.swift */; };
		9A92CC8F268C7AB900B7A80E /* CategoryItemsViewController.swift in Sources */ = {isa = PBXBuildFile; fileRef = 9A92CC8D268C7AB900B7A80E /* CategoryItemsViewController.swift */; };
		9A92CC90268C7AB900B7A80E /* CategoryItemsViewController.xib in Resources */ = {isa = PBXBuildFile; fileRef = 9A92CC8E268C7AB900B7A80E /* CategoryItemsViewController.xib */; };
		9A92CC94268C7BA300B7A80E /* CategoryItemTableViewCell.swift in Sources */ = {isa = PBXBuildFile; fileRef = 9A92CC92268C7BA300B7A80E /* CategoryItemTableViewCell.swift */; };
		9A92CC95268C7BA300B7A80E /* CategoryItemTableViewCell.xib in Resources */ = {isa = PBXBuildFile; fileRef = 9A92CC93268C7BA300B7A80E /* CategoryItemTableViewCell.xib */; };
		9A92CC9C268CA4AA00B7A80E /* CategoryItemsViewModelProtocol.swift in Sources */ = {isa = PBXBuildFile; fileRef = 9A92CC9B268CA4AA00B7A80E /* CategoryItemsViewModelProtocol.swift */; };
		9A92CC9E268CA55800B7A80E /* CategoryItemsViewModel.swift in Sources */ = {isa = PBXBuildFile; fileRef = 9A92CC9D268CA55800B7A80E /* CategoryItemsViewModel.swift */; };
		9A92CCA5268CAB4300B7A80E /* CategoryItemTableViewCellViewModelProtocol.swift in Sources */ = {isa = PBXBuildFile; fileRef = 9A92CCA4268CAB4300B7A80E /* CategoryItemTableViewCellViewModelProtocol.swift */; };
		9A92CCA7268CAB8A00B7A80E /* CategoryItemTableViewCellViewModel.swift in Sources */ = {isa = PBXBuildFile; fileRef = 9A92CCA6268CAB8A00B7A80E /* CategoryItemTableViewCellViewModel.swift */; };
		9A92CCBD268DA0A300B7A80E /* CategoryItem.swift in Sources */ = {isa = PBXBuildFile; fileRef = 9A92CCBC268DA0A300B7A80E /* CategoryItem.swift */; };
/* End PBXBuildFile section */

/* Begin PBXFileReference section */
		3274B387268EF58200E1B445 /* CategoryViewController.swift */ = {isa = PBXFileReference; fileEncoding = 4; lastKnownFileType = sourcecode.swift; path = CategoryViewController.swift; sourceTree = "<group>"; };
		3274B389268EF59E00E1B445 /* CategoryViewController.xib */ = {isa = PBXFileReference; fileEncoding = 4; lastKnownFileType = file.xib; path = CategoryViewController.xib; sourceTree = "<group>"; };
		3274B38F268EF68600E1B445 /* CategoryTableViewCell.swift */ = {isa = PBXFileReference; fileEncoding = 4; lastKnownFileType = sourcecode.swift; name = CategoryTableViewCell.swift; path = SFPortfolioApp/Modules/CategoryModule/CategoryListScene/CategoryViewCell/CategoryTableViewCell.swift; sourceTree = SOURCE_ROOT; };
		32964BE62692E0CA00FC3B1A /* CategoryTableViewCellViewModel.swift */ = {isa = PBXFileReference; fileEncoding = 4; lastKnownFileType = sourcecode.swift; path = CategoryTableViewCellViewModel.swift; sourceTree = "<group>"; };
		32964BE82692E0EC00FC3B1A /* CategoryViewModelProtocol.swift */ = {isa = PBXFileReference; fileEncoding = 4; lastKnownFileType = sourcecode.swift; path = CategoryViewModelProtocol.swift; sourceTree = "<group>"; };
		32964BEA2692EECC00FC3B1A /* Category.swift */ = {isa = PBXFileReference; fileEncoding = 4; lastKnownFileType = sourcecode.swift; path = Category.swift; sourceTree = "<group>"; };
		32964BEC2692F06900FC3B1A /* CategoryTableViewCellViewModelProtocol.swift */ = {isa = PBXFileReference; lastKnownFileType = sourcecode.swift; path = CategoryTableViewCellViewModelProtocol.swift; sourceTree = "<group>"; };
		32C13169268F0167000EDC1C /* CategoryTableViewCell.xib */ = {isa = PBXFileReference; fileEncoding = 4; lastKnownFileType = file.xib; path = CategoryTableViewCell.xib; sourceTree = "<group>"; };
		32C1318F268F3ABC000EDC1C /* CategoryCoordinator.swift */ = {isa = PBXFileReference; fileEncoding = 4; lastKnownFileType = sourcecode.swift; path = CategoryCoordinator.swift; sourceTree = "<group>"; };
		32CDD9AB268B0C9C008154AA /* SFPortfolioApp.app */ = {isa = PBXFileReference; explicitFileType = wrapper.application; includeInIndex = 0; path = SFPortfolioApp.app; sourceTree = BUILT_PRODUCTS_DIR; };
		32CDD9AE268B0C9C008154AA /* AppDelegate.swift */ = {isa = PBXFileReference; lastKnownFileType = sourcecode.swift; path = AppDelegate.swift; sourceTree = "<group>"; };
		32CDD9B0268B0C9C008154AA /* SceneDelegate.swift */ = {isa = PBXFileReference; lastKnownFileType = sourcecode.swift; path = SceneDelegate.swift; sourceTree = "<group>"; };
		32CDD9B7268B0C9F008154AA /* Assets.xcassets */ = {isa = PBXFileReference; lastKnownFileType = folder.assetcatalog; path = Assets.xcassets; sourceTree = "<group>"; };
		32CDD9BA268B0C9F008154AA /* Base */ = {isa = PBXFileReference; lastKnownFileType = file.storyboard; name = Base; path = Base.lproj/LaunchScreen.storyboard; sourceTree = "<group>"; };
		32CDD9BC268B0C9F008154AA /* Info.plist */ = {isa = PBXFileReference; lastKnownFileType = text.plist.xml; path = Info.plist; sourceTree = "<group>"; };
		32CDD9C5268B46ED008154AA /* AppCoordinator.swift */ = {isa = PBXFileReference; lastKnownFileType = sourcecode.swift; path = AppCoordinator.swift; sourceTree = "<group>"; };
		5D9513F81B8472EFA1D19131 /* Pods-SFPortfolioApp.debug.xcconfig */ = {isa = PBXFileReference; includeInIndex = 1; lastKnownFileType = text.xcconfig; name = "Pods-SFPortfolioApp.debug.xcconfig"; path = "Target Support Files/Pods-SFPortfolioApp/Pods-SFPortfolioApp.debug.xcconfig"; sourceTree = "<group>"; };
		6BF6E06D26D10038C691F09B /* Pods_SFPortfolioApp.framework */ = {isa = PBXFileReference; explicitFileType = wrapper.framework; includeInIndex = 0; path = Pods_SFPortfolioApp.framework; sourceTree = BUILT_PRODUCTS_DIR; };
		7EA84DCE6887E7E644D97DC9 /* Pods-SFPortfolioApp.release.xcconfig */ = {isa = PBXFileReference; includeInIndex = 1; lastKnownFileType = text.xcconfig; name = "Pods-SFPortfolioApp.release.xcconfig"; path = "Target Support Files/Pods-SFPortfolioApp/Pods-SFPortfolioApp.release.xcconfig"; sourceTree = "<group>"; };
		9A236BDF26917B1D000E8643 /* NSObject+Extensions.swift */ = {isa = PBXFileReference; fileEncoding = 4; lastKnownFileType = sourcecode.swift; path = "NSObject+Extensions.swift"; sourceTree = "<group>"; };
		9A236BE126917C22000E8643 /* CategoryItemsViewModelCoordinatorDelegate.swift */ = {isa = PBXFileReference; lastKnownFileType = sourcecode.swift; path = CategoryItemsViewModelCoordinatorDelegate.swift; sourceTree = "<group>"; };
		9A92CC8D268C7AB900B7A80E /* CategoryItemsViewController.swift */ = {isa = PBXFileReference; lastKnownFileType = sourcecode.swift; path = CategoryItemsViewController.swift; sourceTree = "<group>"; };
		9A92CC8E268C7AB900B7A80E /* CategoryItemsViewController.xib */ = {isa = PBXFileReference; lastKnownFileType = file.xib; path = CategoryItemsViewController.xib; sourceTree = "<group>"; };
		9A92CC92268C7BA300B7A80E /* CategoryItemTableViewCell.swift */ = {isa = PBXFileReference; lastKnownFileType = sourcecode.swift; path = CategoryItemTableViewCell.swift; sourceTree = "<group>"; };
		9A92CC93268C7BA300B7A80E /* CategoryItemTableViewCell.xib */ = {isa = PBXFileReference; lastKnownFileType = file.xib; path = CategoryItemTableViewCell.xib; sourceTree = "<group>"; };
		9A92CC9B268CA4AA00B7A80E /* CategoryItemsViewModelProtocol.swift */ = {isa = PBXFileReference; lastKnownFileType = sourcecode.swift; path = CategoryItemsViewModelProtocol.swift; sourceTree = "<group>"; };
		9A92CC9D268CA55800B7A80E /* CategoryItemsViewModel.swift */ = {isa = PBXFileReference; lastKnownFileType = sourcecode.swift; path = CategoryItemsViewModel.swift; sourceTree = "<group>"; };
		9A92CCA4268CAB4300B7A80E /* CategoryItemTableViewCellViewModelProtocol.swift */ = {isa = PBXFileReference; lastKnownFileType = sourcecode.swift; path = CategoryItemTableViewCellViewModelProtocol.swift; sourceTree = "<group>"; };
		9A92CCA6268CAB8A00B7A80E /* CategoryItemTableViewCellViewModel.swift */ = {isa = PBXFileReference; lastKnownFileType = sourcecode.swift; path = CategoryItemTableViewCellViewModel.swift; sourceTree = "<group>"; };
		9A92CCBC268DA0A300B7A80E /* CategoryItem.swift */ = {isa = PBXFileReference; lastKnownFileType = sourcecode.swift; path = CategoryItem.swift; sourceTree = "<group>"; };
/* End PBXFileReference section */

/* Begin PBXFrameworksBuildPhase section */
		32CDD9A8268B0C9C008154AA /* Frameworks */ = {
			isa = PBXFrameworksBuildPhase;
			buildActionMask = 2147483647;
			files = (
				0C2CEE49E11672E9C55F26D7 /* Pods_SFPortfolioApp.framework in Frameworks */,
			);
			runOnlyForDeploymentPostprocessing = 0;
		};
/* End PBXFrameworksBuildPhase section */

/* Begin PBXGroup section */
		1BA6AE7787FB939017C8F66E /* Pods */ = {
			isa = PBXGroup;
			children = (
				5D9513F81B8472EFA1D19131 /* Pods-SFPortfolioApp.debug.xcconfig */,
				7EA84DCE6887E7E644D97DC9 /* Pods-SFPortfolioApp.release.xcconfig */,
			);
			path = Pods;
			sourceTree = "<group>";
		};
		327F9B9E268DFF9F00A9BB01 /* Architecture */ = {
			isa = PBXGroup;
			children = (
				32CDD9C5268B46ED008154AA /* AppCoordinator.swift */,
			);
			path = Architecture;
			sourceTree = "<group>";
		};
		32C13168268EFE31000EDC1C /* CategoryViewCell */ = {
			isa = PBXGroup;
			children = (
				3274B38F268EF68600E1B445 /* CategoryTableViewCell.swift */,
				32C13169268F0167000EDC1C /* CategoryTableViewCell.xib */,
				32964BEC2692F06900FC3B1A /* CategoryTableViewCellViewModelProtocol.swift */,
				32964BE62692E0CA00FC3B1A /* CategoryTableViewCellViewModel.swift */,
			);
			path = CategoryViewCell;
			sourceTree = "<group>";
		};
		32CDD9A2268B0C9C008154AA = {
			isa = PBXGroup;
			children = (
				32CDD9AD268B0C9C008154AA /* SFPortfolioApp */,
				32CDD9AC268B0C9C008154AA /* Products */,
				1BA6AE7787FB939017C8F66E /* Pods */,
				C36A6F754EB363BA4393F08F /* Frameworks */,
			);
			sourceTree = "<group>";
		};
		32CDD9AC268B0C9C008154AA /* Products */ = {
			isa = PBXGroup;
			children = (
				32CDD9AB268B0C9C008154AA /* SFPortfolioApp.app */,
			);
			name = Products;
			sourceTree = "<group>";
		};
		32CDD9AD268B0C9C008154AA /* SFPortfolioApp */ = {
			isa = PBXGroup;
			children = (
				327F9B9E268DFF9F00A9BB01 /* Architecture */,
				9A92CCBB268DA09400B7A80E /* Models */,
				9A92CC99268C91C000B7A80E /* Modules */,
				9A236BDD26917AE2000E8643 /* Utilities */,
				32CDD9C2268B0CC5008154AA /* SupportingFiles */,
			);
			path = SFPortfolioApp;
			sourceTree = "<group>";
		};
		32CDD9C2268B0CC5008154AA /* SupportingFiles */ = {
			isa = PBXGroup;
			children = (
				32CDD9BC268B0C9F008154AA /* Info.plist */,
				32CDD9B9268B0C9F008154AA /* LaunchScreen.storyboard */,
				32CDD9B7268B0C9F008154AA /* Assets.xcassets */,
				32CDD9AE268B0C9C008154AA /* AppDelegate.swift */,
				32CDD9B0268B0C9C008154AA /* SceneDelegate.swift */,
			);
			path = SupportingFiles;
			sourceTree = "<group>";
		};
		32CDD9FC268CC255008154AA /* CategoryModule */ = {
			isa = PBXGroup;
			children = (
				32C1318F268F3ABC000EDC1C /* CategoryCoordinator.swift */,
				32CDDA14268DCFA3008154AA /* CategoryListScene */,
				9A92CC8C268C7A8A00B7A80E /* CategoryItemsScene */,
			);
			path = CategoryModule;
			sourceTree = "<group>";
		};
		32CDDA14268DCFA3008154AA /* CategoryListScene */ = {
			isa = PBXGroup;
			children = (
				32C13168268EFE31000EDC1C /* CategoryViewCell */,
				3274B387268EF58200E1B445 /* CategoryViewController.swift */,
				3274B389268EF59E00E1B445 /* CategoryViewController.xib */,
				32964BE82692E0EC00FC3B1A /* CategoryViewModelProtocol.swift */,
				32499A482692E02500504E46 /* CategoryViewModel.swift */,
			);
			path = CategoryListScene;
			sourceTree = "<group>";
		};
		9A236BDC268F392E000E8643 /* Enumerations */ = {
			isa = PBXGroup;
			children = (
				9A92CCBC268DA0A300B7A80E /* CategoryItem.swift */,
				32964BEA2692EECC00FC3B1A /* Category.swift */,
			);
			path = Enumerations;
			sourceTree = "<group>";
		};
		9A236BDD26917AE2000E8643 /* Utilities */ = {
			isa = PBXGroup;
			children = (
				9A236BDE26917B1D000E8643 /* Extensions */,
			);
			path = Utilities;
			sourceTree = "<group>";
		};
		9A236BDE26917B1D000E8643 /* Extensions */ = {
			isa = PBXGroup;
			children = (
				9A236BDF26917B1D000E8643 /* NSObject+Extensions.swift */,
			);
			path = Extensions;
			sourceTree = "<group>";
		};
		9A92CC8C268C7A8A00B7A80E /* CategoryItemsScene */ = {
			isa = PBXGroup;
			children = (
				9A92CC8D268C7AB900B7A80E /* CategoryItemsViewController.swift */,
				9A92CC8E268C7AB900B7A80E /* CategoryItemsViewController.xib */,
				9A92CC9B268CA4AA00B7A80E /* CategoryItemsViewModelProtocol.swift */,
				9A92CC9D268CA55800B7A80E /* CategoryItemsViewModel.swift */,
				9A236BE126917C22000E8643 /* CategoryItemsViewModelCoordinatorDelegate.swift */,
				9A92CC91268C7B7300B7A80E /* CategoryItemTableViewCell */,
			);
			path = CategoryItemsScene;
			sourceTree = "<group>";
		};
		9A92CC91268C7B7300B7A80E /* CategoryItemTableViewCell */ = {
			isa = PBXGroup;
			children = (
				9A92CC92268C7BA300B7A80E /* CategoryItemTableViewCell.swift */,
				9A92CC93268C7BA300B7A80E /* CategoryItemTableViewCell.xib */,
				9A92CCA4268CAB4300B7A80E /* CategoryItemTableViewCellViewModelProtocol.swift */,
				9A92CCA6268CAB8A00B7A80E /* CategoryItemTableViewCellViewModel.swift */,
			);
			path = CategoryItemTableViewCell;
			sourceTree = "<group>";
		};
		9A92CC99268C91C000B7A80E /* Modules */ = {
			isa = PBXGroup;
			children = (
				32CDD9FC268CC255008154AA /* CategoryModule */,
			);
			path = Modules;
			sourceTree = "<group>";
		};
		9A92CCBB268DA09400B7A80E /* Models */ = {
			isa = PBXGroup;
			children = (
				9A236BDC268F392E000E8643 /* Enumerations */,
			);
			path = Models;
			sourceTree = "<group>";
		};
		C36A6F754EB363BA4393F08F /* Frameworks */ = {
			isa = PBXGroup;
			children = (
				6BF6E06D26D10038C691F09B /* Pods_SFPortfolioApp.framework */,
			);
			name = Frameworks;
			sourceTree = "<group>";
		};
/* End PBXGroup section */

/* Begin PBXNativeTarget section */
		32CDD9AA268B0C9C008154AA /* SFPortfolioApp */ = {
			isa = PBXNativeTarget;
			buildConfigurationList = 32CDD9BF268B0C9F008154AA /* Build configuration list for PBXNativeTarget "SFPortfolioApp" */;
			buildPhases = (
				EE4928F02A1CF63043808FF2 /* [CP] Check Pods Manifest.lock */,
				32CDD9A7268B0C9C008154AA /* Sources */,
				32CDD9A8268B0C9C008154AA /* Frameworks */,
				32CDD9A9268B0C9C008154AA /* Resources */,
				640C8B4E52D3CBC5D998AC63 /* [CP] Embed Pods Frameworks */,
			);
			buildRules = (
			);
			dependencies = (
			);
			name = SFPortfolioApp;
			productName = SFPortfolioApp;
			productReference = 32CDD9AB268B0C9C008154AA /* SFPortfolioApp.app */;
			productType = "com.apple.product-type.application";
		};
/* End PBXNativeTarget section */

/* Begin PBXProject section */
		32CDD9A3268B0C9C008154AA /* Project object */ = {
			isa = PBXProject;
			attributes = {
				LastSwiftUpdateCheck = 1250;
				LastUpgradeCheck = 1250;
				TargetAttributes = {
					32CDD9AA268B0C9C008154AA = {
						CreatedOnToolsVersion = 12.5;
					};
				};
			};
			buildConfigurationList = 32CDD9A6268B0C9C008154AA /* Build configuration list for PBXProject "SFPortfolioApp" */;
			compatibilityVersion = "Xcode 9.3";
			developmentRegion = en;
			hasScannedForEncodings = 0;
			knownRegions = (
				en,
				Base,
			);
			mainGroup = 32CDD9A2268B0C9C008154AA;
			productRefGroup = 32CDD9AC268B0C9C008154AA /* Products */;
			projectDirPath = "";
			projectRoot = "";
			targets = (
				32CDD9AA268B0C9C008154AA /* SFPortfolioApp */,
			);
		};
/* End PBXProject section */

/* Begin PBXResourcesBuildPhase section */
		32CDD9A9268B0C9C008154AA /* Resources */ = {
			isa = PBXResourcesBuildPhase;
			buildActionMask = 2147483647;
			files = (
				3274B38A268EF59E00E1B445 /* CategoryViewController.xib in Resources */,
				32CDD9BB268B0C9F008154AA /* LaunchScreen.storyboard in Resources */,
				9A92CC90268C7AB900B7A80E /* CategoryItemsViewController.xib in Resources */,
				32C1316A268F0167000EDC1C /* CategoryTableViewCell.xib in Resources */,
				9A92CC95268C7BA300B7A80E /* CategoryItemTableViewCell.xib in Resources */,
				32CDD9B8268B0C9F008154AA /* Assets.xcassets in Resources */,
			);
			runOnlyForDeploymentPostprocessing = 0;
		};
/* End PBXResourcesBuildPhase section */

/* Begin PBXShellScriptBuildPhase section */
		640C8B4E52D3CBC5D998AC63 /* [CP] Embed Pods Frameworks */ = {
			isa = PBXShellScriptBuildPhase;
			buildActionMask = 2147483647;
			files = (
			);
			inputFileListPaths = (
				"${PODS_ROOT}/Target Support Files/Pods-SFPortfolioApp/Pods-SFPortfolioApp-frameworks-${CONFIGURATION}-input-files.xcfilelist",
			);
			name = "[CP] Embed Pods Frameworks";
			outputFileListPaths = (
				"${PODS_ROOT}/Target Support Files/Pods-SFPortfolioApp/Pods-SFPortfolioApp-frameworks-${CONFIGURATION}-output-files.xcfilelist",
			);
			runOnlyForDeploymentPostprocessing = 0;
			shellPath = /bin/sh;
			shellScript = "\"${PODS_ROOT}/Target Support Files/Pods-SFPortfolioApp/Pods-SFPortfolioApp-frameworks.sh\"\n";
			showEnvVarsInLog = 0;
		};
		EE4928F02A1CF63043808FF2 /* [CP] Check Pods Manifest.lock */ = {
			isa = PBXShellScriptBuildPhase;
			buildActionMask = 2147483647;
			files = (
			);
			inputFileListPaths = (
			);
			inputPaths = (
				"${PODS_PODFILE_DIR_PATH}/Podfile.lock",
				"${PODS_ROOT}/Manifest.lock",
			);
			name = "[CP] Check Pods Manifest.lock";
			outputFileListPaths = (
			);
			outputPaths = (
				"$(DERIVED_FILE_DIR)/Pods-SFPortfolioApp-checkManifestLockResult.txt",
			);
			runOnlyForDeploymentPostprocessing = 0;
			shellPath = /bin/sh;
			shellScript = "diff \"${PODS_PODFILE_DIR_PATH}/Podfile.lock\" \"${PODS_ROOT}/Manifest.lock\" > /dev/null\nif [ $? != 0 ] ; then\n    # print error to STDERR\n    echo \"error: The sandbox is not in sync with the Podfile.lock. Run 'pod install' or update your CocoaPods installation.\" >&2\n    exit 1\nfi\n# This output is used by Xcode 'outputs' to avoid re-running this script phase.\necho \"SUCCESS\" > \"${SCRIPT_OUTPUT_FILE_0}\"\n";
			showEnvVarsInLog = 0;
		};
/* End PBXShellScriptBuildPhase section */

/* Begin PBXSourcesBuildPhase section */
		32CDD9A7268B0C9C008154AA /* Sources */ = {
			isa = PBXSourcesBuildPhase;
			buildActionMask = 2147483647;
			files = (
				32499A472692DF8500504E46 /* NSObject+Extensions.swift in Sources */,
				3274B388268EF58200E1B445 /* CategoryViewController.swift in Sources */,
				32CDD9C6268B46ED008154AA /* AppCoordinator.swift in Sources */,
				9A92CC8F268C7AB900B7A80E /* CategoryItemsViewController.swift in Sources */,
				9A92CC9C268CA4AA00B7A80E /* CategoryItemsViewModelProtocol.swift in Sources */,
				32964BEB2692EECC00FC3B1A /* Category.swift in Sources */,
				9A92CCA7268CAB8A00B7A80E /* CategoryItemTableViewCellViewModel.swift in Sources */,
				9A92CCA5268CAB4300B7A80E /* CategoryItemTableViewCellViewModelProtocol.swift in Sources */,
				32499A492692E02500504E46 /* CategoryViewModel.swift in Sources */,
				3274B390268EF68600E1B445 /* CategoryTableViewCell.swift in Sources */,
				32CDD9AF268B0C9C008154AA /* AppDelegate.swift in Sources */,
				32C13190268F3ABC000EDC1C /* CategoryCoordinator.swift in Sources */,
				9A236BE226917C22000E8643 /* CategoryItemsViewModelCoordinatorDelegate.swift in Sources */,
				9A236BE026917B1D000E8643 /* NSObject+Extensions.swift in Sources */,
				9A92CC94268C7BA300B7A80E /* CategoryItemTableViewCell.swift in Sources */,
				32964BED2692F06900FC3B1A /* CategoryTableViewCellViewModelProtocol.swift in Sources */,
				32964BE72692E0CA00FC3B1A /* CategoryTableViewCellViewModel.swift in Sources */,
				32964BE92692E0EC00FC3B1A /* CategoryViewModelProtocol.swift in Sources */,
				32CDD9B1268B0C9C008154AA /* SceneDelegate.swift in Sources */,
				9A92CCBD268DA0A300B7A80E /* CategoryItem.swift in Sources */,
				9A92CC9E268CA55800B7A80E /* CategoryItemsViewModel.swift in Sources */,
			);
			runOnlyForDeploymentPostprocessing = 0;
		};
/* End PBXSourcesBuildPhase section */

/* Begin PBXVariantGroup section */
		32CDD9B9268B0C9F008154AA /* LaunchScreen.storyboard */ = {
			isa = PBXVariantGroup;
			children = (
				32CDD9BA268B0C9F008154AA /* Base */,
			);
			name = LaunchScreen.storyboard;
			sourceTree = "<group>";
		};
/* End PBXVariantGroup section */

/* Begin XCBuildConfiguration section */
		32CDD9BD268B0C9F008154AA /* Debug */ = {
			isa = XCBuildConfiguration;
			buildSettings = {
				ALWAYS_SEARCH_USER_PATHS = NO;
				CLANG_ANALYZER_NONNULL = YES;
				CLANG_ANALYZER_NUMBER_OBJECT_CONVERSION = YES_AGGRESSIVE;
				CLANG_CXX_LANGUAGE_STANDARD = "gnu++14";
				CLANG_CXX_LIBRARY = "libc++";
				CLANG_ENABLE_MODULES = YES;
				CLANG_ENABLE_OBJC_ARC = YES;
				CLANG_ENABLE_OBJC_WEAK = YES;
				CLANG_WARN_BLOCK_CAPTURE_AUTORELEASING = YES;
				CLANG_WARN_BOOL_CONVERSION = YES;
				CLANG_WARN_COMMA = YES;
				CLANG_WARN_CONSTANT_CONVERSION = YES;
				CLANG_WARN_DEPRECATED_OBJC_IMPLEMENTATIONS = YES;
				CLANG_WARN_DIRECT_OBJC_ISA_USAGE = YES_ERROR;
				CLANG_WARN_DOCUMENTATION_COMMENTS = YES;
				CLANG_WARN_EMPTY_BODY = YES;
				CLANG_WARN_ENUM_CONVERSION = YES;
				CLANG_WARN_INFINITE_RECURSION = YES;
				CLANG_WARN_INT_CONVERSION = YES;
				CLANG_WARN_NON_LITERAL_NULL_CONVERSION = YES;
				CLANG_WARN_OBJC_IMPLICIT_RETAIN_SELF = YES;
				CLANG_WARN_OBJC_LITERAL_CONVERSION = YES;
				CLANG_WARN_OBJC_ROOT_CLASS = YES_ERROR;
				CLANG_WARN_QUOTED_INCLUDE_IN_FRAMEWORK_HEADER = YES;
				CLANG_WARN_RANGE_LOOP_ANALYSIS = YES;
				CLANG_WARN_STRICT_PROTOTYPES = YES;
				CLANG_WARN_SUSPICIOUS_MOVE = YES;
				CLANG_WARN_UNGUARDED_AVAILABILITY = YES_AGGRESSIVE;
				CLANG_WARN_UNREACHABLE_CODE = YES;
				CLANG_WARN__DUPLICATE_METHOD_MATCH = YES;
				COPY_PHASE_STRIP = NO;
				DEBUG_INFORMATION_FORMAT = dwarf;
				ENABLE_STRICT_OBJC_MSGSEND = YES;
				ENABLE_TESTABILITY = YES;
				GCC_C_LANGUAGE_STANDARD = gnu11;
				GCC_DYNAMIC_NO_PIC = NO;
				GCC_NO_COMMON_BLOCKS = YES;
				GCC_OPTIMIZATION_LEVEL = 0;
				GCC_PREPROCESSOR_DEFINITIONS = (
					"DEBUG=1",
					"$(inherited)",
				);
				GCC_WARN_64_TO_32_BIT_CONVERSION = YES;
				GCC_WARN_ABOUT_RETURN_TYPE = YES_ERROR;
				GCC_WARN_UNDECLARED_SELECTOR = YES;
				GCC_WARN_UNINITIALIZED_AUTOS = YES_AGGRESSIVE;
				GCC_WARN_UNUSED_FUNCTION = YES;
				GCC_WARN_UNUSED_VARIABLE = YES;
				IPHONEOS_DEPLOYMENT_TARGET = 14.5;
				MTL_ENABLE_DEBUG_INFO = INCLUDE_SOURCE;
				MTL_FAST_MATH = YES;
				ONLY_ACTIVE_ARCH = YES;
				SDKROOT = iphoneos;
				SWIFT_ACTIVE_COMPILATION_CONDITIONS = DEBUG;
				SWIFT_OPTIMIZATION_LEVEL = "-Onone";
			};
			name = Debug;
		};
		32CDD9BE268B0C9F008154AA /* Release */ = {
			isa = XCBuildConfiguration;
			buildSettings = {
				ALWAYS_SEARCH_USER_PATHS = NO;
				CLANG_ANALYZER_NONNULL = YES;
				CLANG_ANALYZER_NUMBER_OBJECT_CONVERSION = YES_AGGRESSIVE;
				CLANG_CXX_LANGUAGE_STANDARD = "gnu++14";
				CLANG_CXX_LIBRARY = "libc++";
				CLANG_ENABLE_MODULES = YES;
				CLANG_ENABLE_OBJC_ARC = YES;
				CLANG_ENABLE_OBJC_WEAK = YES;
				CLANG_WARN_BLOCK_CAPTURE_AUTORELEASING = YES;
				CLANG_WARN_BOOL_CONVERSION = YES;
				CLANG_WARN_COMMA = YES;
				CLANG_WARN_CONSTANT_CONVERSION = YES;
				CLANG_WARN_DEPRECATED_OBJC_IMPLEMENTATIONS = YES;
				CLANG_WARN_DIRECT_OBJC_ISA_USAGE = YES_ERROR;
				CLANG_WARN_DOCUMENTATION_COMMENTS = YES;
				CLANG_WARN_EMPTY_BODY = YES;
				CLANG_WARN_ENUM_CONVERSION = YES;
				CLANG_WARN_INFINITE_RECURSION = YES;
				CLANG_WARN_INT_CONVERSION = YES;
				CLANG_WARN_NON_LITERAL_NULL_CONVERSION = YES;
				CLANG_WARN_OBJC_IMPLICIT_RETAIN_SELF = YES;
				CLANG_WARN_OBJC_LITERAL_CONVERSION = YES;
				CLANG_WARN_OBJC_ROOT_CLASS = YES_ERROR;
				CLANG_WARN_QUOTED_INCLUDE_IN_FRAMEWORK_HEADER = YES;
				CLANG_WARN_RANGE_LOOP_ANALYSIS = YES;
				CLANG_WARN_STRICT_PROTOTYPES = YES;
				CLANG_WARN_SUSPICIOUS_MOVE = YES;
				CLANG_WARN_UNGUARDED_AVAILABILITY = YES_AGGRESSIVE;
				CLANG_WARN_UNREACHABLE_CODE = YES;
				CLANG_WARN__DUPLICATE_METHOD_MATCH = YES;
				COPY_PHASE_STRIP = NO;
				DEBUG_INFORMATION_FORMAT = "dwarf-with-dsym";
				ENABLE_NS_ASSERTIONS = NO;
				ENABLE_STRICT_OBJC_MSGSEND = YES;
				GCC_C_LANGUAGE_STANDARD = gnu11;
				GCC_NO_COMMON_BLOCKS = YES;
				GCC_WARN_64_TO_32_BIT_CONVERSION = YES;
				GCC_WARN_ABOUT_RETURN_TYPE = YES_ERROR;
				GCC_WARN_UNDECLARED_SELECTOR = YES;
				GCC_WARN_UNINITIALIZED_AUTOS = YES_AGGRESSIVE;
				GCC_WARN_UNUSED_FUNCTION = YES;
				GCC_WARN_UNUSED_VARIABLE = YES;
				IPHONEOS_DEPLOYMENT_TARGET = 14.5;
				MTL_ENABLE_DEBUG_INFO = NO;
				MTL_FAST_MATH = YES;
				SDKROOT = iphoneos;
				SWIFT_COMPILATION_MODE = wholemodule;
				SWIFT_OPTIMIZATION_LEVEL = "-O";
				VALIDATE_PRODUCT = YES;
			};
			name = Release;
		};
		32CDD9C0268B0C9F008154AA /* Debug */ = {
			isa = XCBuildConfiguration;
			baseConfigurationReference = 5D9513F81B8472EFA1D19131 /* Pods-SFPortfolioApp.debug.xcconfig */;
			buildSettings = {
				ASSETCATALOG_COMPILER_APPICON_NAME = AppIcon;
				ASSETCATALOG_COMPILER_GLOBAL_ACCENT_COLOR_NAME = AccentColor;
				CODE_SIGN_STYLE = Automatic;
				INFOPLIST_FILE = SFPortfolioApp/SupportingFiles/Info.plist;
				LD_RUNPATH_SEARCH_PATHS = (
					"$(inherited)",
					"@executable_path/Frameworks",
				);
				PRODUCT_BUNDLE_IDENTIFIER = com.scalefocus.SFPortfolioApp;
				PRODUCT_NAME = "$(TARGET_NAME)";
				SWIFT_VERSION = 5.0;
				TARGETED_DEVICE_FAMILY = "1,2";
			};
			name = Debug;
		};
		32CDD9C1268B0C9F008154AA /* Release */ = {
			isa = XCBuildConfiguration;
			baseConfigurationReference = 7EA84DCE6887E7E644D97DC9 /* Pods-SFPortfolioApp.release.xcconfig */;
			buildSettings = {
				ASSETCATALOG_COMPILER_APPICON_NAME = AppIcon;
				ASSETCATALOG_COMPILER_GLOBAL_ACCENT_COLOR_NAME = AccentColor;
				CODE_SIGN_STYLE = Automatic;
				INFOPLIST_FILE = SFPortfolioApp/SupportingFiles/Info.plist;
				LD_RUNPATH_SEARCH_PATHS = (
					"$(inherited)",
					"@executable_path/Frameworks",
				);
				PRODUCT_BUNDLE_IDENTIFIER = com.scalefocus.SFPortfolioApp;
				PRODUCT_NAME = "$(TARGET_NAME)";
				SWIFT_VERSION = 5.0;
				TARGETED_DEVICE_FAMILY = "1,2";
			};
			name = Release;
		};
/* End XCBuildConfiguration section */

/* Begin XCConfigurationList section */
		32CDD9A6268B0C9C008154AA /* Build configuration list for PBXProject "SFPortfolioApp" */ = {
			isa = XCConfigurationList;
			buildConfigurations = (
				32CDD9BD268B0C9F008154AA /* Debug */,
				32CDD9BE268B0C9F008154AA /* Release */,
			);
			defaultConfigurationIsVisible = 0;
			defaultConfigurationName = Release;
		};
		32CDD9BF268B0C9F008154AA /* Build configuration list for PBXNativeTarget "SFPortfolioApp" */ = {
			isa = XCConfigurationList;
			buildConfigurations = (
				32CDD9C0268B0C9F008154AA /* Debug */,
				32CDD9C1268B0C9F008154AA /* Release */,
			);
			defaultConfigurationIsVisible = 0;
			defaultConfigurationName = Release;
		};
/* End XCConfigurationList section */
	};
	rootObject = 32CDD9A3268B0C9C008154AA /* Project object */;
}
