// !$*UTF8*$!
{
	archiveVersion = 1;
	classes = {
	};
	objectVersion = 51;
	objects = {

/* Begin PBXBuildFile section */
		0C2CEE49E11672E9C55F26D7 /* Pods_SFPortfolioApp.framework in Frameworks */ = {isa = PBXBuildFile; fileRef = 6BF6E06D26D10038C691F09B /* Pods_SFPortfolioApp.framework */; };
		3274B388268EF58200E1B445 /* ListViewController.swift in Sources */ = {isa = PBXBuildFile; fileRef = 3274B387268EF58200E1B445 /* ListViewController.swift */; };
		3274B38A268EF59E00E1B445 /* ListViewController.xib in Resources */ = {isa = PBXBuildFile; fileRef = 3274B389268EF59E00E1B445 /* ListViewController.xib */; };
		32964BE92692E0EC00FC3B1A /* ListViewModelProtocol.swift in Sources */ = {isa = PBXBuildFile; fileRef = 32964BE82692E0EC00FC3B1A /* ListViewModelProtocol.swift */; };
		32964BEB2692EECC00FC3B1A /* Category.swift in Sources */ = {isa = PBXBuildFile; fileRef = 32964BEA2692EECC00FC3B1A /* Category.swift */; };
		32964BEF2693205900FC3B1A /* CategoryListViewModelCoordinatorDelegate.swift in Sources */ = {isa = PBXBuildFile; fileRef = 32964BEE2693205800FC3B1A /* CategoryListViewModelCoordinatorDelegate.swift */; };
		32964BF12693453D00FC3B1A /* CategoryListViewModel.swift in Sources */ = {isa = PBXBuildFile; fileRef = 32964BF02693453C00FC3B1A /* CategoryListViewModel.swift */; };
		32964BF82694874900FC3B1A /* SynchronisedCollectionViewsViewController.swift in Sources */ = {isa = PBXBuildFile; fileRef = 32964BF62694874900FC3B1A /* SynchronisedCollectionViewsViewController.swift */; };
		32964BF92694874900FC3B1A /* SynchronisedCollectionViewsViewController.xib in Resources */ = {isa = PBXBuildFile; fileRef = 32964BF72694874900FC3B1A /* SynchronisedCollectionViewsViewController.xib */; };
		32964BFB2694876300FC3B1A /* SynchronisedCollectionViewsViewModel.swift in Sources */ = {isa = PBXBuildFile; fileRef = 32964BFA2694876300FC3B1A /* SynchronisedCollectionViewsViewModel.swift */; };
		32964BFD26948BC100FC3B1A /* SyncronisedCollectionViewMockIcons.swift in Sources */ = {isa = PBXBuildFile; fileRef = 32964BFC26948BC100FC3B1A /* SyncronisedCollectionViewMockIcons.swift */; };
		32964C0126948C9000FC3B1A /* TabBarCollectionViewCell.swift in Sources */ = {isa = PBXBuildFile; fileRef = 32964BFF26948C9000FC3B1A /* TabBarCollectionViewCell.swift */; };
		32964C0226948C9000FC3B1A /* TabBarCollectionViewCell.xib in Resources */ = {isa = PBXBuildFile; fileRef = 32964C0026948C9000FC3B1A /* TabBarCollectionViewCell.xib */; };
		32964C042694AF8600FC3B1A /* TabBarCollectionViewCellViewModel.swift in Sources */ = {isa = PBXBuildFile; fileRef = 32964C032694AF8600FC3B1A /* TabBarCollectionViewCellViewModel.swift */; };
		32964C062694AF9A00FC3B1A /* TabBarCollectionViewCellViewModelProtocol.swift in Sources */ = {isa = PBXBuildFile; fileRef = 32964C052694AF9A00FC3B1A /* TabBarCollectionViewCellViewModelProtocol.swift */; };
		32964C082694ECBF00FC3B1A /* SynchronisedCollectionViewsViewModelProtocol.swift in Sources */ = {isa = PBXBuildFile; fileRef = 32964C072694ECBF00FC3B1A /* SynchronisedCollectionViewsViewModelProtocol.swift */; };
		32964C0C26959CBB00FC3B1A /* DetailsCollectionViewCell.swift in Sources */ = {isa = PBXBuildFile; fileRef = 32964C0A26959CBB00FC3B1A /* DetailsCollectionViewCell.swift */; };
		32964C0D26959CBB00FC3B1A /* DetailsCollectionViewCell.xib in Resources */ = {isa = PBXBuildFile; fileRef = 32964C0B26959CBB00FC3B1A /* DetailsCollectionViewCell.xib */; };
		32964C0F26959F4700FC3B1A /* DetailsCollectionViewCellViewModelProtocol.swift in Sources */ = {isa = PBXBuildFile; fileRef = 32964C0E26959F4700FC3B1A /* DetailsCollectionViewCellViewModelProtocol.swift */; };
		32964C1126959F5D00FC3B1A /* DetailsCollectionViewCellViewModel.swift in Sources */ = {isa = PBXBuildFile; fileRef = 32964C1026959F5D00FC3B1A /* DetailsCollectionViewCellViewModel.swift */; };
		32964C132695D92C00FC3B1A /* SynchronisedCollectionViews.swift in Sources */ = {isa = PBXBuildFile; fileRef = 32964C122695D92C00FC3B1A /* SynchronisedCollectionViews.swift */; };
		32C13190268F3ABC000EDC1C /* CategoryCoordinator.swift in Sources */ = {isa = PBXBuildFile; fileRef = 32C1318F268F3ABC000EDC1C /* CategoryCoordinator.swift */; };
		32C92B8426A5720700245BA8 /* SynchronisedCollectionViewsLayout.swift in Sources */ = {isa = PBXBuildFile; fileRef = 32C92B8226A5720700245BA8 /* SynchronisedCollectionViewsLayout.swift */; };
		32C92B8526A5720700245BA8 /* SynchronisedCollectionViewsLayoutConfigurator.swift in Sources */ = {isa = PBXBuildFile; fileRef = 32C92B8326A5720700245BA8 /* SynchronisedCollectionViewsLayoutConfigurator.swift */; };
		32CDD9AF268B0C9C008154AA /* AppDelegate.swift in Sources */ = {isa = PBXBuildFile; fileRef = 32CDD9AE268B0C9C008154AA /* AppDelegate.swift */; };
		32CDD9B1268B0C9C008154AA /* SceneDelegate.swift in Sources */ = {isa = PBXBuildFile; fileRef = 32CDD9B0268B0C9C008154AA /* SceneDelegate.swift */; };
		32CDD9B8268B0C9F008154AA /* Assets.xcassets in Resources */ = {isa = PBXBuildFile; fileRef = 32CDD9B7268B0C9F008154AA /* Assets.xcassets */; };
		32CDD9BB268B0C9F008154AA /* LaunchScreen.storyboard in Resources */ = {isa = PBXBuildFile; fileRef = 32CDD9B9268B0C9F008154AA /* LaunchScreen.storyboard */; };
		32CDD9C6268B46ED008154AA /* AppCoordinator.swift in Sources */ = {isa = PBXBuildFile; fileRef = 32CDD9C5268B46ED008154AA /* AppCoordinator.swift */; };
		8C0242A826BD4BD40094029A /* InfoTagProtocol.swift in Sources */ = {isa = PBXBuildFile; fileRef = 8C0242A726BD4BD40094029A /* InfoTagProtocol.swift */; };
		8C0242AC26BD4C570094029A /* ViewOriginInfoTag.swift in Sources */ = {isa = PBXBuildFile; fileRef = 8C0242AB26BD4C570094029A /* ViewOriginInfoTag.swift */; };
		8C4CF32126B9853A00EAEABB /* Tooltip.swift in Sources */ = {isa = PBXBuildFile; fileRef = 8C4CF32026B9853A00EAEABB /* Tooltip.swift */; };
		8C4CF32526B9854400EAEABB /* TooltipConfig.swift in Sources */ = {isa = PBXBuildFile; fileRef = 8C4CF32426B9854400EAEABB /* TooltipConfig.swift */; };
		8C4CF32826B9854F00EAEABB /* TooltipTransitionConfig.swift in Sources */ = {isa = PBXBuildFile; fileRef = 8C4CF32726B9854F00EAEABB /* TooltipTransitionConfig.swift */; };
		8C56BAF826B98B9100DBE86F /* TooltipHandler.swift in Sources */ = {isa = PBXBuildFile; fileRef = 8C56BAF726B98B9100DBE86F /* TooltipHandler.swift */; };
		8C56BB0026BBBD8A00DBE86F /* TooltipApplicableModifier.swift in Sources */ = {isa = PBXBuildFile; fileRef = 8C56BAFF26BBBD8A00DBE86F /* TooltipApplicableModifier.swift */; };
		8C56BB0426BBE02A00DBE86F /* View+TooltipApplicable.swift in Sources */ = {isa = PBXBuildFile; fileRef = 8C56BB0326BBE02A00DBE86F /* View+TooltipApplicable.swift */; };
		8C68796E26C159CD00D33186 /* SegmentedControlView.swift in Sources */ = {isa = PBXBuildFile; fileRef = 8C68796D26C159CD00D33186 /* SegmentedControlView.swift */; };
		8C68797326C15B0800D33186 /* SegmentedControlItemView.swift in Sources */ = {isa = PBXBuildFile; fileRef = 8C68797226C15B0800D33186 /* SegmentedControlItemView.swift */; };
		8C68797626C15E8F00D33186 /* SegmentedControlViewModel.swift in Sources */ = {isa = PBXBuildFile; fileRef = 8C68797526C15E8F00D33186 /* SegmentedControlViewModel.swift */; };
		8C68797926C15EAF00D33186 /* TabItemModel.swift in Sources */ = {isa = PBXBuildFile; fileRef = 8C68797826C15EAF00D33186 /* TabItemModel.swift */; };
		8C68797D26C172FA00D33186 /* SegmentedControlViewConfig.swift in Sources */ = {isa = PBXBuildFile; fileRef = 8C68797C26C172FA00D33186 /* SegmentedControlViewConfig.swift */; };
		8C68799626C254FD00D33186 /* BottomSheetView.swift in Sources */ = {isa = PBXBuildFile; fileRef = 8C68799526C254FD00D33186 /* BottomSheetView.swift */; };
		8C68799A26C2551B00D33186 /* BottomSheetViewModel.swift in Sources */ = {isa = PBXBuildFile; fileRef = 8C68799926C2551B00D33186 /* BottomSheetViewModel.swift */; };
		8C6879C426C2691500D33186 /* CustomRoundedShape.swift in Sources */ = {isa = PBXBuildFile; fileRef = 8C6879C326C2691500D33186 /* CustomRoundedShape.swift */; };
		8C6879C726C269DE00D33186 /* View+CornerRadius.swift in Sources */ = {isa = PBXBuildFile; fileRef = 8C6879C626C269DE00D33186 /* View+CornerRadius.swift */; };
		8C6879CA26C2812B00D33186 /* View+Show.swift in Sources */ = {isa = PBXBuildFile; fileRef = 8C6879C926C2812B00D33186 /* View+Show.swift */; };
		8C72854626C2B631006F650C /* StatusBarUtility.swift in Sources */ = {isa = PBXBuildFile; fileRef = 8C72854526C2B631006F650C /* StatusBarUtility.swift */; };
		8C72854926C2B9E4006F650C /* BottomSheetHeightPreferenceKey.swift in Sources */ = {isa = PBXBuildFile; fileRef = 8C72854826C2B9E4006F650C /* BottomSheetHeightPreferenceKey.swift */; };
		8C72854C26C2BA99006F650C /* StatusBarUtilityEnvironmentKey.swift in Sources */ = {isa = PBXBuildFile; fileRef = 8C72854B26C2BA99006F650C /* StatusBarUtilityEnvironmentKey.swift */; };
		8C72854F26C2BEE0006F650C /* BottomSheetConfig.swift in Sources */ = {isa = PBXBuildFile; fileRef = 8C72854E26C2BEE0006F650C /* BottomSheetConfig.swift */; };
		8C82FFEF26B9783E0059862F /* Colors.xcassets in Resources */ = {isa = PBXBuildFile; fileRef = 8C82FFEE26B9783E0059862F /* Colors.xcassets */; };
		8C912DC526C2C2480051993A /* ModalView.swift in Sources */ = {isa = PBXBuildFile; fileRef = 8C912DC426C2C2480051993A /* ModalView.swift */; };
		8C912DC926C2C6280051993A /* ModalViewModifier.swift in Sources */ = {isa = PBXBuildFile; fileRef = 8C912DC826C2C6280051993A /* ModalViewModifier.swift */; };
		8C912DDC26C2E4B70051993A /* ExecutionButtonWidthPreferenceKey.swift in Sources */ = {isa = PBXBuildFile; fileRef = 8C912DDB26C2E4B70051993A /* ExecutionButtonWidthPreferenceKey.swift */; };
		8C912DDF26C2E5720051993A /* ExecutionButtonConfig.swift in Sources */ = {isa = PBXBuildFile; fileRef = 8C912DDE26C2E5720051993A /* ExecutionButtonConfig.swift */; };
		8C9C03C926C431FC0018FAFA /* BottomSheetDemoView.swift in Sources */ = {isa = PBXBuildFile; fileRef = 8C9C03C826C431FC0018FAFA /* BottomSheetDemoView.swift */; };
		8C9C03CC26C432070018FAFA /* BottomSheetDemoViewModel.swift in Sources */ = {isa = PBXBuildFile; fileRef = 8C9C03CB26C432070018FAFA /* BottomSheetDemoViewModel.swift */; };
		8C9C03CF26C432F00018FAFA /* BaseHostingController.swift in Sources */ = {isa = PBXBuildFile; fileRef = 8C9C03CE26C432F00018FAFA /* BaseHostingController.swift */; };
		8C9C03D226C435340018FAFA /* View+BaseHostingController.swift in Sources */ = {isa = PBXBuildFile; fileRef = 8C9C03D126C435340018FAFA /* View+BaseHostingController.swift */; };
		8C9F6C2226BD1D2800A599D0 /* TooltipIdentity.swift in Sources */ = {isa = PBXBuildFile; fileRef = 8C9F6C2126BD1D2800A599D0 /* TooltipIdentity.swift */; };
		8CA1FAF826BBE4F100AE58CD /* TooltipElementModifier.swift in Sources */ = {isa = PBXBuildFile; fileRef = 8CA1FAF726BBE4F100AE58CD /* TooltipElementModifier.swift */; };
		8CA1FAFC26BBEB1B00AE58CD /* CustomFont.swift in Sources */ = {isa = PBXBuildFile; fileRef = 8CA1FAFB26BBEB1B00AE58CD /* CustomFont.swift */; };
		8CA1FB0126BBEB4D00AE58CD /* Font+CustomFonts.swift in Sources */ = {isa = PBXBuildFile; fileRef = 8CA1FB0026BBEB4D00AE58CD /* Font+CustomFonts.swift */; };
		8CA1FB0626BBEBE000AE58CD /* View+ConditionalModifier.swift in Sources */ = {isa = PBXBuildFile; fileRef = 8CA1FB0526BBEBE000AE58CD /* View+ConditionalModifier.swift */; };
		8CA1FB0926BBEBEA00AE58CD /* View+AnyView.swift in Sources */ = {isa = PBXBuildFile; fileRef = 8CA1FB0826BBEBEA00AE58CD /* View+AnyView.swift */; };
		8CA1FB0C26BBEC7B00AE58CD /* View+TooltipElement.swift in Sources */ = {isa = PBXBuildFile; fileRef = 8CA1FB0B26BBEC7B00AE58CD /* View+TooltipElement.swift */; };
		8CA1FB0F26BBF9DE00AE58CD /* View+IsHidden.swift in Sources */ = {isa = PBXBuildFile; fileRef = 8CA1FB0E26BBF9DE00AE58CD /* View+IsHidden.swift */; };
		8CA1FB1426BC050F00AE58CD /* ArrowShape.swift in Sources */ = {isa = PBXBuildFile; fileRef = 8CA1FB1326BC050F00AE58CD /* ArrowShape.swift */; };
		8CA1FB1826BC05AC00AE58CD /* TooltipBoundsPreferenceKey.swift in Sources */ = {isa = PBXBuildFile; fileRef = 8CA1FB1726BC05AC00AE58CD /* TooltipBoundsPreferenceKey.swift */; };
		9A02E45E26C3C902009B2BBC /* RoundedButtonView.swift in Sources */ = {isa = PBXBuildFile; fileRef = 9A02E45B26C3C902009B2BBC /* RoundedButtonView.swift */; };
		9A02E45F26C3C902009B2BBC /* TooltipDemoViewModel.swift in Sources */ = {isa = PBXBuildFile; fileRef = 9A02E45C26C3C902009B2BBC /* TooltipDemoViewModel.swift */; };
		9A02E46026C3C902009B2BBC /* TooltipDemoView.swift in Sources */ = {isa = PBXBuildFile; fileRef = 9A02E45D26C3C902009B2BBC /* TooltipDemoView.swift */; };
		9A236BE026917B1D000E8643 /* NSObject+Extensions.swift in Sources */ = {isa = PBXBuildFile; fileRef = 9A236BDF26917B1D000E8643 /* NSObject+Extensions.swift */; };
		9A236BE226917C22000E8643 /* CategoryItemsListViewModelCoordinatorDelegate.swift in Sources */ = {isa = PBXBuildFile; fileRef = 9A236BE126917C22000E8643 /* CategoryItemsListViewModelCoordinatorDelegate.swift */; };
		9A33035326C2B05C00B7EC74 /* ExecutionButtonState.swift in Sources */ = {isa = PBXBuildFile; fileRef = 9A33035226C2B05C00B7EC74 /* ExecutionButtonState.swift */; };
		9A33035526C2B17200B7EC74 /* ExecutionButtonViewModelProtocol.swift in Sources */ = {isa = PBXBuildFile; fileRef = 9A33035426C2B17200B7EC74 /* ExecutionButtonViewModelProtocol.swift */; };
		9A33035726C2B7D100B7EC74 /* ExecutionButton.swift in Sources */ = {isa = PBXBuildFile; fileRef = 9A33035626C2B7D100B7EC74 /* ExecutionButton.swift */; };
		9A4E1D9E26AE9ED500DEEE4F /* UIResizableTableViewCell.swift in Sources */ = {isa = PBXBuildFile; fileRef = 9A4E1D9D26AE9ED500DEEE4F /* UIResizableTableViewCell.swift */; };
		9A7416FB269C28E300DD5945 /* OpenSans-Regular.ttf in Resources */ = {isa = PBXBuildFile; fileRef = 9A7416FA269C28E300DD5945 /* OpenSans-Regular.ttf */; };
		9A812E4D26AA9B7500A5D628 /* UINavigationBar+Blurred.swift in Sources */ = {isa = PBXBuildFile; fileRef = 9A812E4C26AA9B7500A5D628 /* UINavigationBar+Blurred.swift */; };
		9A82890726AAF1C40077EA9D /* UIImage+CustomImages.swift in Sources */ = {isa = PBXBuildFile; fileRef = 9A82890626AAF1C40077EA9D /* UIImage+CustomImages.swift */; };
		9A92CC94268C7BA300B7A80E /* CategoryItemTableViewCell.swift in Sources */ = {isa = PBXBuildFile; fileRef = 9A92CC92268C7BA300B7A80E /* CategoryItemTableViewCell.swift */; };
		9A92CC95268C7BA300B7A80E /* CategoryItemTableViewCell.xib in Resources */ = {isa = PBXBuildFile; fileRef = 9A92CC93268C7BA300B7A80E /* CategoryItemTableViewCell.xib */; };
		9A92CC9E268CA55800B7A80E /* CategoryItemsListViewModel.swift in Sources */ = {isa = PBXBuildFile; fileRef = 9A92CC9D268CA55800B7A80E /* CategoryItemsListViewModel.swift */; };
		9A92CCA5268CAB4300B7A80E /* CategoryItemTableViewCellViewModelProtocol.swift in Sources */ = {isa = PBXBuildFile; fileRef = 9A92CCA4268CAB4300B7A80E /* CategoryItemTableViewCellViewModelProtocol.swift */; };
		9A92CCA7268CAB8A00B7A80E /* CategoryItemTableViewCellViewModel.swift in Sources */ = {isa = PBXBuildFile; fileRef = 9A92CCA6268CAB8A00B7A80E /* CategoryItemTableViewCellViewModel.swift */; };
		9A92CCBD268DA0A300B7A80E /* CategoryItem.swift in Sources */ = {isa = PBXBuildFile; fileRef = 9A92CCBC268DA0A300B7A80E /* CategoryItem.swift */; };
		9AA47136269EFC7200C61FD0 /* UIView+Shadowed.swift in Sources */ = {isa = PBXBuildFile; fileRef = 9AA47135269EFC7200C61FD0 /* UIView+Shadowed.swift */; };
		9AA4713A26A00E0400C61FD0 /* UITagLabel.swift in Sources */ = {isa = PBXBuildFile; fileRef = 9AA4713926A00E0400C61FD0 /* UITagLabel.swift */; };
		9AA4713D26A0210B00C61FD0 /* UIFont+CustomFonts.swift in Sources */ = {isa = PBXBuildFile; fileRef = 9AA4713C26A0210B00C61FD0 /* UIFont+CustomFonts.swift */; };
		9ABF4D4B26C157980046721A /* AsymmetricCollectionDemoCoordinator.swift in Sources */ = {isa = PBXBuildFile; fileRef = 9ABF4D3C26C157980046721A /* AsymmetricCollectionDemoCoordinator.swift */; };
		9ABF4D4C26C157980046721A /* AsymmetricCollectionSettingsViewController.xib in Resources */ = {isa = PBXBuildFile; fileRef = 9ABF4D3E26C157980046721A /* AsymmetricCollectionSettingsViewController.xib */; };
		9ABF4D4D26C157980046721A /* AsymmetricCollectionSettingsViewModelProtocol.swift in Sources */ = {isa = PBXBuildFile; fileRef = 9ABF4D3F26C157980046721A /* AsymmetricCollectionSettingsViewModelProtocol.swift */; };
		9ABF4D4E26C157990046721A /* AsymmetricCollectionSettingsViewController.swift in Sources */ = {isa = PBXBuildFile; fileRef = 9ABF4D4026C157980046721A /* AsymmetricCollectionSettingsViewController.swift */; };
		9ABF4D4F26C157990046721A /* AsymmetricCollectionSettingsViewModel.swift in Sources */ = {isa = PBXBuildFile; fileRef = 9ABF4D4126C157980046721A /* AsymmetricCollectionSettingsViewModel.swift */; };
		9ABF4D5026C157990046721A /* AsymmetricCollectionDemoViewController.xib in Resources */ = {isa = PBXBuildFile; fileRef = 9ABF4D4326C157980046721A /* AsymmetricCollectionDemoViewController.xib */; };
		9ABF4D5126C157990046721A /* AsymmetricCollectionDemoViewModelCoordinatorDelegate.swift in Sources */ = {isa = PBXBuildFile; fileRef = 9ABF4D4426C157980046721A /* AsymmetricCollectionDemoViewModelCoordinatorDelegate.swift */; };
		9ABF4D5226C157990046721A /* AsymmetricCollectionDemoViewController.swift in Sources */ = {isa = PBXBuildFile; fileRef = 9ABF4D4526C157980046721A /* AsymmetricCollectionDemoViewController.swift */; };
		9ABF4D5326C157990046721A /* AsymmetricCollectionDemoViewModel.swift in Sources */ = {isa = PBXBuildFile; fileRef = 9ABF4D4626C157980046721A /* AsymmetricCollectionDemoViewModel.swift */; };
		9ABF4D5426C157990046721A /* AsymmetricCollectionViewCell.xib in Resources */ = {isa = PBXBuildFile; fileRef = 9ABF4D4826C157980046721A /* AsymmetricCollectionViewCell.xib */; };
		9ABF4D5526C157990046721A /* AsymmetricCollectionViewCell.swift in Sources */ = {isa = PBXBuildFile; fileRef = 9ABF4D4926C157980046721A /* AsymmetricCollectionViewCell.swift */; };
		9ABF4D5626C157990046721A /* AsymmetricCollectionDemoViewModelProtocol.swift in Sources */ = {isa = PBXBuildFile; fileRef = 9ABF4D4A26C157980046721A /* AsymmetricCollectionDemoViewModelProtocol.swift */; };
		9ABF4D5826C159840046721A /* Constrained.swift in Sources */ = {isa = PBXBuildFile; fileRef = 9ABF4D5726C159840046721A /* Constrained.swift */; };
		9ABF4D5A26C159930046721A /* Observable.swift in Sources */ = {isa = PBXBuildFile; fileRef = 9ABF4D5926C159930046721A /* Observable.swift */; };
		9AC4975026A6D4C7008A2A38 /* UINavigationController+Appearance.swift in Sources */ = {isa = PBXBuildFile; fileRef = 9AC4974F26A6D4C7008A2A38 /* UINavigationController+Appearance.swift */; };
		9AC4975226A6D5D5008A2A38 /* Constants.swift in Sources */ = {isa = PBXBuildFile; fileRef = 9AC4975126A6D5D5008A2A38 /* Constants.swift */; };
		9AD7BAE626C46AFC007DFE9D /* View+ImageBackground.swift in Sources */ = {isa = PBXBuildFile; fileRef = 9AD7BAE526C46AFC007DFE9D /* View+ImageBackground.swift */; };
		9AD7BAE926C46BC8007DFE9D /* ImageBackgroundViewModifier.swift in Sources */ = {isa = PBXBuildFile; fileRef = 9AD7BAE826C46BC8007DFE9D /* ImageBackgroundViewModifier.swift */; };
		9AD7EC4D269D750300624F76 /* UIColor+CustomColors.swift in Sources */ = {isa = PBXBuildFile; fileRef = 9AD7EC4C269D750300624F76 /* UIColor+CustomColors.swift */; };
		9AF781222695B8EE00283DFE /* AsymmetricCollectionViewLayout.swift in Sources */ = {isa = PBXBuildFile; fileRef = 9AF781212695B8EE00283DFE /* AsymmetricCollectionViewLayout.swift */; };
		9AF781262695B9B000283DFE /* AsymmetricCollectionViewLayoutConfigurator.swift in Sources */ = {isa = PBXBuildFile; fileRef = 9AF781252695B9B000283DFE /* AsymmetricCollectionViewLayoutConfigurator.swift */; };
/* End PBXBuildFile section */

/* Begin PBXFileReference section */
		3274B387268EF58200E1B445 /* ListViewController.swift */ = {isa = PBXFileReference; fileEncoding = 4; lastKnownFileType = sourcecode.swift; path = ListViewController.swift; sourceTree = "<group>"; };
		3274B389268EF59E00E1B445 /* ListViewController.xib */ = {isa = PBXFileReference; fileEncoding = 4; lastKnownFileType = file.xib; path = ListViewController.xib; sourceTree = "<group>"; };
		32964BE82692E0EC00FC3B1A /* ListViewModelProtocol.swift */ = {isa = PBXFileReference; fileEncoding = 4; lastKnownFileType = sourcecode.swift; path = ListViewModelProtocol.swift; sourceTree = "<group>"; };
		32964BEA2692EECC00FC3B1A /* Category.swift */ = {isa = PBXFileReference; fileEncoding = 4; lastKnownFileType = sourcecode.swift; path = Category.swift; sourceTree = "<group>"; };
		32964BEE2693205800FC3B1A /* CategoryListViewModelCoordinatorDelegate.swift */ = {isa = PBXFileReference; lastKnownFileType = sourcecode.swift; name = CategoryListViewModelCoordinatorDelegate.swift; path = SFPortfolioApp/Modules/CategoryModule/CategoryListScene/CategoryListViewModelCoordinatorDelegate.swift; sourceTree = SOURCE_ROOT; };
		32964BF02693453C00FC3B1A /* CategoryListViewModel.swift */ = {isa = PBXFileReference; fileEncoding = 4; lastKnownFileType = sourcecode.swift; path = CategoryListViewModel.swift; sourceTree = "<group>"; };
		32964BF62694874900FC3B1A /* SynchronisedCollectionViewsViewController.swift */ = {isa = PBXFileReference; lastKnownFileType = sourcecode.swift; path = SynchronisedCollectionViewsViewController.swift; sourceTree = "<group>"; };
		32964BF72694874900FC3B1A /* SynchronisedCollectionViewsViewController.xib */ = {isa = PBXFileReference; lastKnownFileType = file.xib; path = SynchronisedCollectionViewsViewController.xib; sourceTree = "<group>"; };
		32964BFA2694876300FC3B1A /* SynchronisedCollectionViewsViewModel.swift */ = {isa = PBXFileReference; lastKnownFileType = sourcecode.swift; path = SynchronisedCollectionViewsViewModel.swift; sourceTree = "<group>"; };
		32964BFC26948BC100FC3B1A /* SyncronisedCollectionViewMockIcons.swift */ = {isa = PBXFileReference; lastKnownFileType = sourcecode.swift; path = SyncronisedCollectionViewMockIcons.swift; sourceTree = "<group>"; };
		32964BFF26948C9000FC3B1A /* TabBarCollectionViewCell.swift */ = {isa = PBXFileReference; lastKnownFileType = sourcecode.swift; path = TabBarCollectionViewCell.swift; sourceTree = "<group>"; };
		32964C0026948C9000FC3B1A /* TabBarCollectionViewCell.xib */ = {isa = PBXFileReference; lastKnownFileType = file.xib; path = TabBarCollectionViewCell.xib; sourceTree = "<group>"; };
		32964C032694AF8600FC3B1A /* TabBarCollectionViewCellViewModel.swift */ = {isa = PBXFileReference; lastKnownFileType = sourcecode.swift; path = TabBarCollectionViewCellViewModel.swift; sourceTree = "<group>"; };
		32964C052694AF9A00FC3B1A /* TabBarCollectionViewCellViewModelProtocol.swift */ = {isa = PBXFileReference; lastKnownFileType = sourcecode.swift; path = TabBarCollectionViewCellViewModelProtocol.swift; sourceTree = "<group>"; };
		32964C072694ECBF00FC3B1A /* SynchronisedCollectionViewsViewModelProtocol.swift */ = {isa = PBXFileReference; lastKnownFileType = sourcecode.swift; path = SynchronisedCollectionViewsViewModelProtocol.swift; sourceTree = "<group>"; };
		32964C0A26959CBB00FC3B1A /* DetailsCollectionViewCell.swift */ = {isa = PBXFileReference; lastKnownFileType = sourcecode.swift; path = DetailsCollectionViewCell.swift; sourceTree = "<group>"; };
		32964C0B26959CBB00FC3B1A /* DetailsCollectionViewCell.xib */ = {isa = PBXFileReference; lastKnownFileType = file.xib; path = DetailsCollectionViewCell.xib; sourceTree = "<group>"; };
		32964C0E26959F4700FC3B1A /* DetailsCollectionViewCellViewModelProtocol.swift */ = {isa = PBXFileReference; lastKnownFileType = sourcecode.swift; path = DetailsCollectionViewCellViewModelProtocol.swift; sourceTree = "<group>"; };
		32964C1026959F5D00FC3B1A /* DetailsCollectionViewCellViewModel.swift */ = {isa = PBXFileReference; lastKnownFileType = sourcecode.swift; path = DetailsCollectionViewCellViewModel.swift; sourceTree = "<group>"; };
		32964C122695D92C00FC3B1A /* SynchronisedCollectionViews.swift */ = {isa = PBXFileReference; lastKnownFileType = sourcecode.swift; path = SynchronisedCollectionViews.swift; sourceTree = "<group>"; };
		32C1318F268F3ABC000EDC1C /* CategoryCoordinator.swift */ = {isa = PBXFileReference; fileEncoding = 4; lastKnownFileType = sourcecode.swift; path = CategoryCoordinator.swift; sourceTree = "<group>"; };
		32C92B8226A5720700245BA8 /* SynchronisedCollectionViewsLayout.swift */ = {isa = PBXFileReference; fileEncoding = 4; lastKnownFileType = sourcecode.swift; path = SynchronisedCollectionViewsLayout.swift; sourceTree = "<group>"; };
		32C92B8326A5720700245BA8 /* SynchronisedCollectionViewsLayoutConfigurator.swift */ = {isa = PBXFileReference; fileEncoding = 4; lastKnownFileType = sourcecode.swift; path = SynchronisedCollectionViewsLayoutConfigurator.swift; sourceTree = "<group>"; };
		32CDD9AB268B0C9C008154AA /* SFPortfolioApp.app */ = {isa = PBXFileReference; explicitFileType = wrapper.application; includeInIndex = 0; path = SFPortfolioApp.app; sourceTree = BUILT_PRODUCTS_DIR; };
		32CDD9AE268B0C9C008154AA /* AppDelegate.swift */ = {isa = PBXFileReference; lastKnownFileType = sourcecode.swift; path = AppDelegate.swift; sourceTree = "<group>"; };
		32CDD9B0268B0C9C008154AA /* SceneDelegate.swift */ = {isa = PBXFileReference; lastKnownFileType = sourcecode.swift; path = SceneDelegate.swift; sourceTree = "<group>"; };
		32CDD9B7268B0C9F008154AA /* Assets.xcassets */ = {isa = PBXFileReference; lastKnownFileType = folder.assetcatalog; path = Assets.xcassets; sourceTree = "<group>"; };
		32CDD9BA268B0C9F008154AA /* Base */ = {isa = PBXFileReference; lastKnownFileType = file.storyboard; name = Base; path = Base.lproj/LaunchScreen.storyboard; sourceTree = "<group>"; };
		32CDD9BC268B0C9F008154AA /* Info.plist */ = {isa = PBXFileReference; lastKnownFileType = text.plist.xml; path = Info.plist; sourceTree = "<group>"; };
		32CDD9C5268B46ED008154AA /* AppCoordinator.swift */ = {isa = PBXFileReference; lastKnownFileType = sourcecode.swift; path = AppCoordinator.swift; sourceTree = "<group>"; };
		5D9513F81B8472EFA1D19131 /* Pods-SFPortfolioApp.debug.xcconfig */ = {isa = PBXFileReference; includeInIndex = 1; lastKnownFileType = text.xcconfig; name = "Pods-SFPortfolioApp.debug.xcconfig"; path = "Target Support Files/Pods-SFPortfolioApp/Pods-SFPortfolioApp.debug.xcconfig"; sourceTree = "<group>"; };
		6BF6E06D26D10038C691F09B /* Pods_SFPortfolioApp.framework */ = {isa = PBXFileReference; explicitFileType = wrapper.framework; includeInIndex = 0; path = Pods_SFPortfolioApp.framework; sourceTree = BUILT_PRODUCTS_DIR; };
		7EA84DCE6887E7E644D97DC9 /* Pods-SFPortfolioApp.release.xcconfig */ = {isa = PBXFileReference; includeInIndex = 1; lastKnownFileType = text.xcconfig; name = "Pods-SFPortfolioApp.release.xcconfig"; path = "Target Support Files/Pods-SFPortfolioApp/Pods-SFPortfolioApp.release.xcconfig"; sourceTree = "<group>"; };
		8C0242A726BD4BD40094029A /* InfoTagProtocol.swift */ = {isa = PBXFileReference; lastKnownFileType = sourcecode.swift; path = InfoTagProtocol.swift; sourceTree = "<group>"; };
		8C0242AB26BD4C570094029A /* ViewOriginInfoTag.swift */ = {isa = PBXFileReference; lastKnownFileType = sourcecode.swift; path = ViewOriginInfoTag.swift; sourceTree = "<group>"; };
		8C4CF32026B9853A00EAEABB /* Tooltip.swift */ = {isa = PBXFileReference; lastKnownFileType = sourcecode.swift; path = Tooltip.swift; sourceTree = "<group>"; };
		8C4CF32426B9854400EAEABB /* TooltipConfig.swift */ = {isa = PBXFileReference; lastKnownFileType = sourcecode.swift; path = TooltipConfig.swift; sourceTree = "<group>"; };
		8C4CF32726B9854F00EAEABB /* TooltipTransitionConfig.swift */ = {isa = PBXFileReference; lastKnownFileType = sourcecode.swift; path = TooltipTransitionConfig.swift; sourceTree = "<group>"; };
		8C56BAF726B98B9100DBE86F /* TooltipHandler.swift */ = {isa = PBXFileReference; lastKnownFileType = sourcecode.swift; path = TooltipHandler.swift; sourceTree = "<group>"; };
		8C56BAFF26BBBD8A00DBE86F /* TooltipApplicableModifier.swift */ = {isa = PBXFileReference; lastKnownFileType = sourcecode.swift; path = TooltipApplicableModifier.swift; sourceTree = "<group>"; };
		8C56BB0326BBE02A00DBE86F /* View+TooltipApplicable.swift */ = {isa = PBXFileReference; lastKnownFileType = sourcecode.swift; path = "View+TooltipApplicable.swift"; sourceTree = "<group>"; };
		8C68796D26C159CD00D33186 /* SegmentedControlView.swift */ = {isa = PBXFileReference; lastKnownFileType = sourcecode.swift; path = SegmentedControlView.swift; sourceTree = "<group>"; };
		8C68797226C15B0800D33186 /* SegmentedControlItemView.swift */ = {isa = PBXFileReference; lastKnownFileType = sourcecode.swift; path = SegmentedControlItemView.swift; sourceTree = "<group>"; };
		8C68797526C15E8F00D33186 /* SegmentedControlViewModel.swift */ = {isa = PBXFileReference; lastKnownFileType = sourcecode.swift; path = SegmentedControlViewModel.swift; sourceTree = "<group>"; };
		8C68797826C15EAF00D33186 /* TabItemModel.swift */ = {isa = PBXFileReference; lastKnownFileType = sourcecode.swift; path = TabItemModel.swift; sourceTree = "<group>"; };
		8C68797C26C172FA00D33186 /* SegmentedControlViewConfig.swift */ = {isa = PBXFileReference; lastKnownFileType = sourcecode.swift; path = SegmentedControlViewConfig.swift; sourceTree = "<group>"; };
		8C68799526C254FD00D33186 /* BottomSheetView.swift */ = {isa = PBXFileReference; lastKnownFileType = sourcecode.swift; path = BottomSheetView.swift; sourceTree = "<group>"; };
		8C68799926C2551B00D33186 /* BottomSheetViewModel.swift */ = {isa = PBXFileReference; lastKnownFileType = sourcecode.swift; path = BottomSheetViewModel.swift; sourceTree = "<group>"; };
		8C6879C326C2691500D33186 /* CustomRoundedShape.swift */ = {isa = PBXFileReference; lastKnownFileType = sourcecode.swift; path = CustomRoundedShape.swift; sourceTree = "<group>"; };
		8C6879C626C269DE00D33186 /* View+CornerRadius.swift */ = {isa = PBXFileReference; lastKnownFileType = sourcecode.swift; path = "View+CornerRadius.swift"; sourceTree = "<group>"; };
		8C6879C926C2812B00D33186 /* View+Show.swift */ = {isa = PBXFileReference; lastKnownFileType = sourcecode.swift; path = "View+Show.swift"; sourceTree = "<group>"; };
		8C72854526C2B631006F650C /* StatusBarUtility.swift */ = {isa = PBXFileReference; lastKnownFileType = sourcecode.swift; path = StatusBarUtility.swift; sourceTree = "<group>"; };
		8C72854826C2B9E4006F650C /* BottomSheetHeightPreferenceKey.swift */ = {isa = PBXFileReference; lastKnownFileType = sourcecode.swift; path = BottomSheetHeightPreferenceKey.swift; sourceTree = "<group>"; };
		8C72854B26C2BA99006F650C /* StatusBarUtilityEnvironmentKey.swift */ = {isa = PBXFileReference; lastKnownFileType = sourcecode.swift; path = StatusBarUtilityEnvironmentKey.swift; sourceTree = "<group>"; };
		8C72854E26C2BEE0006F650C /* BottomSheetConfig.swift */ = {isa = PBXFileReference; lastKnownFileType = sourcecode.swift; path = BottomSheetConfig.swift; sourceTree = "<group>"; };
		8C82FFEE26B9783E0059862F /* Colors.xcassets */ = {isa = PBXFileReference; lastKnownFileType = folder.assetcatalog; path = Colors.xcassets; sourceTree = "<group>"; };
		8C912DC426C2C2480051993A /* ModalView.swift */ = {isa = PBXFileReference; lastKnownFileType = sourcecode.swift; path = ModalView.swift; sourceTree = "<group>"; };
		8C912DC826C2C6280051993A /* ModalViewModifier.swift */ = {isa = PBXFileReference; lastKnownFileType = sourcecode.swift; path = ModalViewModifier.swift; sourceTree = "<group>"; };
		8C912DDB26C2E4B70051993A /* ExecutionButtonWidthPreferenceKey.swift */ = {isa = PBXFileReference; lastKnownFileType = sourcecode.swift; path = ExecutionButtonWidthPreferenceKey.swift; sourceTree = "<group>"; };
		8C912DDE26C2E5720051993A /* ExecutionButtonConfig.swift */ = {isa = PBXFileReference; lastKnownFileType = sourcecode.swift; path = ExecutionButtonConfig.swift; sourceTree = "<group>"; };
		8C9C03C826C431FC0018FAFA /* BottomSheetDemoView.swift */ = {isa = PBXFileReference; lastKnownFileType = sourcecode.swift; path = BottomSheetDemoView.swift; sourceTree = "<group>"; };
		8C9C03CB26C432070018FAFA /* BottomSheetDemoViewModel.swift */ = {isa = PBXFileReference; lastKnownFileType = sourcecode.swift; path = BottomSheetDemoViewModel.swift; sourceTree = "<group>"; };
		8C9C03CE26C432F00018FAFA /* BaseHostingController.swift */ = {isa = PBXFileReference; lastKnownFileType = sourcecode.swift; path = BaseHostingController.swift; sourceTree = "<group>"; };
		8C9C03D126C435340018FAFA /* View+BaseHostingController.swift */ = {isa = PBXFileReference; lastKnownFileType = sourcecode.swift; path = "View+BaseHostingController.swift"; sourceTree = "<group>"; };
		8C9F6C2126BD1D2800A599D0 /* TooltipIdentity.swift */ = {isa = PBXFileReference; lastKnownFileType = sourcecode.swift; path = TooltipIdentity.swift; sourceTree = "<group>"; };
		8CA1FAF726BBE4F100AE58CD /* TooltipElementModifier.swift */ = {isa = PBXFileReference; lastKnownFileType = sourcecode.swift; path = TooltipElementModifier.swift; sourceTree = "<group>"; };
		8CA1FAFB26BBEB1B00AE58CD /* CustomFont.swift */ = {isa = PBXFileReference; lastKnownFileType = sourcecode.swift; path = CustomFont.swift; sourceTree = "<group>"; };
		8CA1FB0026BBEB4D00AE58CD /* Font+CustomFonts.swift */ = {isa = PBXFileReference; lastKnownFileType = sourcecode.swift; path = "Font+CustomFonts.swift"; sourceTree = "<group>"; };
		8CA1FB0526BBEBE000AE58CD /* View+ConditionalModifier.swift */ = {isa = PBXFileReference; lastKnownFileType = sourcecode.swift; path = "View+ConditionalModifier.swift"; sourceTree = "<group>"; };
		8CA1FB0826BBEBEA00AE58CD /* View+AnyView.swift */ = {isa = PBXFileReference; lastKnownFileType = sourcecode.swift; path = "View+AnyView.swift"; sourceTree = "<group>"; };
		8CA1FB0B26BBEC7B00AE58CD /* View+TooltipElement.swift */ = {isa = PBXFileReference; lastKnownFileType = sourcecode.swift; path = "View+TooltipElement.swift"; sourceTree = "<group>"; };
		8CA1FB0E26BBF9DE00AE58CD /* View+IsHidden.swift */ = {isa = PBXFileReference; lastKnownFileType = sourcecode.swift; path = "View+IsHidden.swift"; sourceTree = "<group>"; };
		8CA1FB1326BC050F00AE58CD /* ArrowShape.swift */ = {isa = PBXFileReference; lastKnownFileType = sourcecode.swift; path = ArrowShape.swift; sourceTree = "<group>"; };
		8CA1FB1726BC05AC00AE58CD /* TooltipBoundsPreferenceKey.swift */ = {isa = PBXFileReference; lastKnownFileType = sourcecode.swift; path = TooltipBoundsPreferenceKey.swift; sourceTree = "<group>"; };
		9A02E45B26C3C902009B2BBC /* RoundedButtonView.swift */ = {isa = PBXFileReference; fileEncoding = 4; lastKnownFileType = sourcecode.swift; path = RoundedButtonView.swift; sourceTree = "<group>"; };
		9A02E45C26C3C902009B2BBC /* TooltipDemoViewModel.swift */ = {isa = PBXFileReference; fileEncoding = 4; lastKnownFileType = sourcecode.swift; path = TooltipDemoViewModel.swift; sourceTree = "<group>"; };
		9A02E45D26C3C902009B2BBC /* TooltipDemoView.swift */ = {isa = PBXFileReference; fileEncoding = 4; lastKnownFileType = sourcecode.swift; path = TooltipDemoView.swift; sourceTree = "<group>"; };
		9A236BDF26917B1D000E8643 /* NSObject+Extensions.swift */ = {isa = PBXFileReference; fileEncoding = 4; lastKnownFileType = sourcecode.swift; path = "NSObject+Extensions.swift"; sourceTree = "<group>"; };
		9A236BE126917C22000E8643 /* CategoryItemsListViewModelCoordinatorDelegate.swift */ = {isa = PBXFileReference; lastKnownFileType = sourcecode.swift; path = CategoryItemsListViewModelCoordinatorDelegate.swift; sourceTree = "<group>"; };
		9A33035226C2B05C00B7EC74 /* ExecutionButtonState.swift */ = {isa = PBXFileReference; lastKnownFileType = sourcecode.swift; path = ExecutionButtonState.swift; sourceTree = "<group>"; };
		9A33035426C2B17200B7EC74 /* ExecutionButtonViewModelProtocol.swift */ = {isa = PBXFileReference; lastKnownFileType = sourcecode.swift; path = ExecutionButtonViewModelProtocol.swift; sourceTree = "<group>"; };
		9A33035626C2B7D100B7EC74 /* ExecutionButton.swift */ = {isa = PBXFileReference; lastKnownFileType = sourcecode.swift; path = ExecutionButton.swift; sourceTree = "<group>"; };
		9A4E1D9D26AE9ED500DEEE4F /* UIResizableTableViewCell.swift */ = {isa = PBXFileReference; lastKnownFileType = sourcecode.swift; path = UIResizableTableViewCell.swift; sourceTree = "<group>"; };
		9A7416FA269C28E300DD5945 /* OpenSans-Regular.ttf */ = {isa = PBXFileReference; lastKnownFileType = file; path = "OpenSans-Regular.ttf"; sourceTree = "<group>"; };
		9A812E4C26AA9B7500A5D628 /* UINavigationBar+Blurred.swift */ = {isa = PBXFileReference; lastKnownFileType = sourcecode.swift; path = "UINavigationBar+Blurred.swift"; sourceTree = "<group>"; };
		9A82890626AAF1C40077EA9D /* UIImage+CustomImages.swift */ = {isa = PBXFileReference; lastKnownFileType = sourcecode.swift; path = "UIImage+CustomImages.swift"; sourceTree = "<group>"; };
		9A92CC92268C7BA300B7A80E /* CategoryItemTableViewCell.swift */ = {isa = PBXFileReference; lastKnownFileType = sourcecode.swift; path = CategoryItemTableViewCell.swift; sourceTree = "<group>"; };
		9A92CC93268C7BA300B7A80E /* CategoryItemTableViewCell.xib */ = {isa = PBXFileReference; lastKnownFileType = file.xib; path = CategoryItemTableViewCell.xib; sourceTree = "<group>"; };
		9A92CC9D268CA55800B7A80E /* CategoryItemsListViewModel.swift */ = {isa = PBXFileReference; lastKnownFileType = sourcecode.swift; path = CategoryItemsListViewModel.swift; sourceTree = "<group>"; };
		9A92CCA4268CAB4300B7A80E /* CategoryItemTableViewCellViewModelProtocol.swift */ = {isa = PBXFileReference; lastKnownFileType = sourcecode.swift; path = CategoryItemTableViewCellViewModelProtocol.swift; sourceTree = "<group>"; };
		9A92CCA6268CAB8A00B7A80E /* CategoryItemTableViewCellViewModel.swift */ = {isa = PBXFileReference; lastKnownFileType = sourcecode.swift; path = CategoryItemTableViewCellViewModel.swift; sourceTree = "<group>"; };
		9A92CCBC268DA0A300B7A80E /* CategoryItem.swift */ = {isa = PBXFileReference; lastKnownFileType = sourcecode.swift; path = CategoryItem.swift; sourceTree = "<group>"; };
		9AA47135269EFC7200C61FD0 /* UIView+Shadowed.swift */ = {isa = PBXFileReference; lastKnownFileType = sourcecode.swift; path = "UIView+Shadowed.swift"; sourceTree = "<group>"; };
		9AA4713926A00E0400C61FD0 /* UITagLabel.swift */ = {isa = PBXFileReference; lastKnownFileType = sourcecode.swift; path = UITagLabel.swift; sourceTree = "<group>"; };
		9AA4713C26A0210B00C61FD0 /* UIFont+CustomFonts.swift */ = {isa = PBXFileReference; lastKnownFileType = sourcecode.swift; path = "UIFont+CustomFonts.swift"; sourceTree = "<group>"; };
		9ABF4D3C26C157980046721A /* AsymmetricCollectionDemoCoordinator.swift */ = {isa = PBXFileReference; fileEncoding = 4; lastKnownFileType = sourcecode.swift; path = AsymmetricCollectionDemoCoordinator.swift; sourceTree = "<group>"; };
		9ABF4D3E26C157980046721A /* AsymmetricCollectionSettingsViewController.xib */ = {isa = PBXFileReference; fileEncoding = 4; lastKnownFileType = file.xib; path = AsymmetricCollectionSettingsViewController.xib; sourceTree = "<group>"; };
		9ABF4D3F26C157980046721A /* AsymmetricCollectionSettingsViewModelProtocol.swift */ = {isa = PBXFileReference; fileEncoding = 4; lastKnownFileType = sourcecode.swift; path = AsymmetricCollectionSettingsViewModelProtocol.swift; sourceTree = "<group>"; };
		9ABF4D4026C157980046721A /* AsymmetricCollectionSettingsViewController.swift */ = {isa = PBXFileReference; fileEncoding = 4; lastKnownFileType = sourcecode.swift; path = AsymmetricCollectionSettingsViewController.swift; sourceTree = "<group>"; };
		9ABF4D4126C157980046721A /* AsymmetricCollectionSettingsViewModel.swift */ = {isa = PBXFileReference; fileEncoding = 4; lastKnownFileType = sourcecode.swift; path = AsymmetricCollectionSettingsViewModel.swift; sourceTree = "<group>"; };
		9ABF4D4326C157980046721A /* AsymmetricCollectionDemoViewController.xib */ = {isa = PBXFileReference; fileEncoding = 4; lastKnownFileType = file.xib; path = AsymmetricCollectionDemoViewController.xib; sourceTree = "<group>"; };
		9ABF4D4426C157980046721A /* AsymmetricCollectionDemoViewModelCoordinatorDelegate.swift */ = {isa = PBXFileReference; fileEncoding = 4; lastKnownFileType = sourcecode.swift; path = AsymmetricCollectionDemoViewModelCoordinatorDelegate.swift; sourceTree = "<group>"; };
		9ABF4D4526C157980046721A /* AsymmetricCollectionDemoViewController.swift */ = {isa = PBXFileReference; fileEncoding = 4; lastKnownFileType = sourcecode.swift; path = AsymmetricCollectionDemoViewController.swift; sourceTree = "<group>"; };
		9ABF4D4626C157980046721A /* AsymmetricCollectionDemoViewModel.swift */ = {isa = PBXFileReference; fileEncoding = 4; lastKnownFileType = sourcecode.swift; path = AsymmetricCollectionDemoViewModel.swift; sourceTree = "<group>"; };
		9ABF4D4826C157980046721A /* AsymmetricCollectionViewCell.xib */ = {isa = PBXFileReference; fileEncoding = 4; lastKnownFileType = file.xib; path = AsymmetricCollectionViewCell.xib; sourceTree = "<group>"; };
		9ABF4D4926C157980046721A /* AsymmetricCollectionViewCell.swift */ = {isa = PBXFileReference; fileEncoding = 4; lastKnownFileType = sourcecode.swift; path = AsymmetricCollectionViewCell.swift; sourceTree = "<group>"; };
		9ABF4D4A26C157980046721A /* AsymmetricCollectionDemoViewModelProtocol.swift */ = {isa = PBXFileReference; fileEncoding = 4; lastKnownFileType = sourcecode.swift; path = AsymmetricCollectionDemoViewModelProtocol.swift; sourceTree = "<group>"; };
		9ABF4D5726C159840046721A /* Constrained.swift */ = {isa = PBXFileReference; fileEncoding = 4; lastKnownFileType = sourcecode.swift; path = Constrained.swift; sourceTree = "<group>"; };
		9ABF4D5926C159930046721A /* Observable.swift */ = {isa = PBXFileReference; fileEncoding = 4; lastKnownFileType = sourcecode.swift; path = Observable.swift; sourceTree = "<group>"; };
		9AC4974F26A6D4C7008A2A38 /* UINavigationController+Appearance.swift */ = {isa = PBXFileReference; lastKnownFileType = sourcecode.swift; path = "UINavigationController+Appearance.swift"; sourceTree = "<group>"; };
		9AC4975126A6D5D5008A2A38 /* Constants.swift */ = {isa = PBXFileReference; lastKnownFileType = sourcecode.swift; path = Constants.swift; sourceTree = "<group>"; };
		9AD7BAE526C46AFC007DFE9D /* View+ImageBackground.swift */ = {isa = PBXFileReference; lastKnownFileType = sourcecode.swift; path = "View+ImageBackground.swift"; sourceTree = "<group>"; };
		9AD7BAE826C46BC8007DFE9D /* ImageBackgroundViewModifier.swift */ = {isa = PBXFileReference; lastKnownFileType = sourcecode.swift; path = ImageBackgroundViewModifier.swift; sourceTree = "<group>"; };
		9AD7EC4C269D750300624F76 /* UIColor+CustomColors.swift */ = {isa = PBXFileReference; lastKnownFileType = sourcecode.swift; path = "UIColor+CustomColors.swift"; sourceTree = "<group>"; };
		9AF781212695B8EE00283DFE /* AsymmetricCollectionViewLayout.swift */ = {isa = PBXFileReference; lastKnownFileType = sourcecode.swift; path = AsymmetricCollectionViewLayout.swift; sourceTree = "<group>"; };
		9AF781252695B9B000283DFE /* AsymmetricCollectionViewLayoutConfigurator.swift */ = {isa = PBXFileReference; lastKnownFileType = sourcecode.swift; path = AsymmetricCollectionViewLayoutConfigurator.swift; sourceTree = "<group>"; };
/* End PBXFileReference section */

/* Begin PBXFrameworksBuildPhase section */
		32CDD9A8268B0C9C008154AA /* Frameworks */ = {
			isa = PBXFrameworksBuildPhase;
			buildActionMask = 2147483647;
			files = (
				0C2CEE49E11672E9C55F26D7 /* Pods_SFPortfolioApp.framework in Frameworks */,
			);
			runOnlyForDeploymentPostprocessing = 0;
		};
/* End PBXFrameworksBuildPhase section */

/* Begin PBXGroup section */
		1BA6AE7787FB939017C8F66E /* Pods */ = {
			isa = PBXGroup;
			children = (
				5D9513F81B8472EFA1D19131 /* Pods-SFPortfolioApp.debug.xcconfig */,
				7EA84DCE6887E7E644D97DC9 /* Pods-SFPortfolioApp.release.xcconfig */,
			);
			path = Pods;
			sourceTree = "<group>";
		};
		327F9B9E268DFF9F00A9BB01 /* Architecture */ = {
			isa = PBXGroup;
			children = (
				32CDD9C5268B46ED008154AA /* AppCoordinator.swift */,
				8C9C03CE26C432F00018FAFA /* BaseHostingController.swift */,
			);
			path = Architecture;
			sourceTree = "<group>";
		};
		3280CCBD26C10EC900ADD949 /* Utility */ = {
			isa = PBXGroup;
			children = (
				32A8F98A269DC6D000A8EBB1 /* SynchronisedCollectionViewsLayout */,
				32964C122695D92C00FC3B1A /* SynchronisedCollectionViews.swift */,
			);
			path = Utility;
			sourceTree = "<group>";
		};
		32964BF42694859000FC3B1A /* SynchronisedCollectionView */ = {
			isa = PBXGroup;
			children = (
				3280CCBD26C10EC900ADD949 /* Utility */,
				32964BFE26948C4900FC3B1A /* TabBarViewCell */,
				32964C0926959C8900FC3B1A /* DetailsViewCell */,
				32964BF62694874900FC3B1A /* SynchronisedCollectionViewsViewController.swift */,
				32964BF72694874900FC3B1A /* SynchronisedCollectionViewsViewController.xib */,
				32964BFA2694876300FC3B1A /* SynchronisedCollectionViewsViewModel.swift */,
				32964C072694ECBF00FC3B1A /* SynchronisedCollectionViewsViewModelProtocol.swift */,
			);
			path = SynchronisedCollectionView;
			sourceTree = "<group>";
		};
		32964BFE26948C4900FC3B1A /* TabBarViewCell */ = {
			isa = PBXGroup;
			children = (
				32964BFF26948C9000FC3B1A /* TabBarCollectionViewCell.swift */,
				32964C0026948C9000FC3B1A /* TabBarCollectionViewCell.xib */,
				32964C032694AF8600FC3B1A /* TabBarCollectionViewCellViewModel.swift */,
				32964C052694AF9A00FC3B1A /* TabBarCollectionViewCellViewModelProtocol.swift */,
			);
			path = TabBarViewCell;
			sourceTree = "<group>";
		};
		32964C0926959C8900FC3B1A /* DetailsViewCell */ = {
			isa = PBXGroup;
			children = (
				32964C0A26959CBB00FC3B1A /* DetailsCollectionViewCell.swift */,
				32964C0B26959CBB00FC3B1A /* DetailsCollectionViewCell.xib */,
				32964C0E26959F4700FC3B1A /* DetailsCollectionViewCellViewModelProtocol.swift */,
				32964C1026959F5D00FC3B1A /* DetailsCollectionViewCellViewModel.swift */,
			);
			path = DetailsViewCell;
			sourceTree = "<group>";
		};
		32A706C626C3E9CF009C8A6C /* AdditionalAssets */ = {
			isa = PBXGroup;
			children = (
				32964BFC26948BC100FC3B1A /* SyncronisedCollectionViewMockIcons.swift */,
			);
			path = AdditionalAssets;
			sourceTree = "<group>";
		};
		32A8F98A269DC6D000A8EBB1 /* SynchronisedCollectionViewsLayout */ = {
			isa = PBXGroup;
			children = (
				32C92B8226A5720700245BA8 /* SynchronisedCollectionViewsLayout.swift */,
				32C92B8326A5720700245BA8 /* SynchronisedCollectionViewsLayoutConfigurator.swift */,
			);
			path = SynchronisedCollectionViewsLayout;
			sourceTree = "<group>";
		};
		32CDD9A2268B0C9C008154AA = {
			isa = PBXGroup;
			children = (
				32CDD9AD268B0C9C008154AA /* SFPortfolioApp */,
				32CDD9AC268B0C9C008154AA /* Products */,
				1BA6AE7787FB939017C8F66E /* Pods */,
				C36A6F754EB363BA4393F08F /* Frameworks */,
			);
			sourceTree = "<group>";
		};
		32CDD9AC268B0C9C008154AA /* Products */ = {
			isa = PBXGroup;
			children = (
				32CDD9AB268B0C9C008154AA /* SFPortfolioApp.app */,
			);
			name = Products;
			sourceTree = "<group>";
		};
		32CDD9AD268B0C9C008154AA /* SFPortfolioApp */ = {
			isa = PBXGroup;
			children = (
				327F9B9E268DFF9F00A9BB01 /* Architecture */,
				8C82FFE426B976300059862F /* Components */,
				9A92CCBB268DA09400B7A80E /* Models */,
				9A92CC99268C91C000B7A80E /* Modules */,
				9A236BDD26917AE2000E8643 /* Utilities */,
				32CDD9C2268B0CC5008154AA /* SupportingFiles */,
			);
			path = SFPortfolioApp;
			sourceTree = "<group>";
		};
		32CDD9C2268B0CC5008154AA /* SupportingFiles */ = {
			isa = PBXGroup;
			children = (
				8C82FFEC26B9782B0059862F /* Assets */,
				9A7416F7269C27D800DD5945 /* Fonts */,
				32CDD9BC268B0C9F008154AA /* Info.plist */,
				32CDD9B9268B0C9F008154AA /* LaunchScreen.storyboard */,
				32CDD9AE268B0C9C008154AA /* AppDelegate.swift */,
				32CDD9B0268B0C9C008154AA /* SceneDelegate.swift */,
			);
			path = SupportingFiles;
			sourceTree = "<group>";
		};
		32CDD9FC268CC255008154AA /* CategoryModule */ = {
			isa = PBXGroup;
			children = (
				32C1318F268F3ABC000EDC1C /* CategoryCoordinator.swift */,
				8C0242A526BD4BA50094029A /* BaseListScene */,
				32CDDA14268DCFA3008154AA /* CategoryListScene */,
				9A92CC8C268C7A8A00B7A80E /* CategoryItemsScene */,
			);
			path = CategoryModule;
			sourceTree = "<group>";
		};
		32CDDA14268DCFA3008154AA /* CategoryListScene */ = {
			isa = PBXGroup;
			children = (
				32964BF02693453C00FC3B1A /* CategoryListViewModel.swift */,
				32964BEE2693205800FC3B1A /* CategoryListViewModelCoordinatorDelegate.swift */,
			);
			path = CategoryListScene;
			sourceTree = "<group>";
		};
		8C0242A526BD4BA50094029A /* BaseListScene */ = {
			isa = PBXGroup;
			children = (
				3274B387268EF58200E1B445 /* ListViewController.swift */,
				3274B389268EF59E00E1B445 /* ListViewController.xib */,
				32964BE82692E0EC00FC3B1A /* ListViewModelProtocol.swift */,
				9A92CC91268C7B7300B7A80E /* CategoryTableViewCell */,
			);
			path = BaseListScene;
			sourceTree = "<group>";
		};
		8C0242A626BD4BBC0094029A /* InfoTag */ = {
			isa = PBXGroup;
			children = (
				8C0242A726BD4BD40094029A /* InfoTagProtocol.swift */,
				8C0242AB26BD4C570094029A /* ViewOriginInfoTag.swift */,
			);
			path = InfoTag;
			sourceTree = "<group>";
		};
		8C4CF31F26B9846F00EAEABB /* Tooltip */ = {
			isa = PBXGroup;
			children = (
				8C56BAF626B98B1000DBE86F /* Modifiers */,
				8CA1FB1626BC057300AE58CD /* Handlers */,
				8CA1FB1226BC04AF00AE58CD /* PreferenceKeys */,
				8CA1FB1126BC04A800AE58CD /* Shapes */,
				8C56BAF526B98B0B00DBE86F /* Models */,
			);
			path = Tooltip;
			sourceTree = "<group>";
		};
		8C56BAF526B98B0B00DBE86F /* Models */ = {
			isa = PBXGroup;
			children = (
				8C4CF32026B9853A00EAEABB /* Tooltip.swift */,
				8C4CF32426B9854400EAEABB /* TooltipConfig.swift */,
				8C4CF32726B9854F00EAEABB /* TooltipTransitionConfig.swift */,
				8C9F6C2126BD1D2800A599D0 /* TooltipIdentity.swift */,
			);
			path = Models;
			sourceTree = "<group>";
		};
		8C56BAF626B98B1000DBE86F /* Modifiers */ = {
			isa = PBXGroup;
			children = (
				8CA1FAF626BBE4D600AE58CD /* TooltipElement */,
				8C56BB0226BBE00F00DBE86F /* TooltipApplicable */,
			);
			path = Modifiers;
			sourceTree = "<group>";
		};
		8C56BB0226BBE00F00DBE86F /* TooltipApplicable */ = {
			isa = PBXGroup;
			children = (
				8C56BAFF26BBBD8A00DBE86F /* TooltipApplicableModifier.swift */,
				8C56BB0326BBE02A00DBE86F /* View+TooltipApplicable.swift */,
			);
			path = TooltipApplicable;
			sourceTree = "<group>";
		};
		8C5D9FFD26C42D7D00887134 /* BottomSheetDemo */ = {
			isa = PBXGroup;
			children = (
				8C9C03C826C431FC0018FAFA /* BottomSheetDemoView.swift */,
				8C9C03CB26C432070018FAFA /* BottomSheetDemoViewModel.swift */,
			);
			path = BottomSheetDemo;
			sourceTree = "<group>";
		};
		8C68796C26C159A200D33186 /* CustomSegmentedControl */ = {
			isa = PBXGroup;
			children = (
				8C68796D26C159CD00D33186 /* SegmentedControlView.swift */,
				8C68797526C15E8F00D33186 /* SegmentedControlViewModel.swift */,
				8C68797226C15B0800D33186 /* SegmentedControlItemView.swift */,
				8C68797826C15EAF00D33186 /* TabItemModel.swift */,
				8C68797C26C172FA00D33186 /* SegmentedControlViewConfig.swift */,
			);
			path = CustomSegmentedControl;
			sourceTree = "<group>";
		};
		8C68799426C254B600D33186 /* BottomSheet */ = {
			isa = PBXGroup;
			children = (
				8C68799526C254FD00D33186 /* BottomSheetView.swift */,
				8C68799926C2551B00D33186 /* BottomSheetViewModel.swift */,
				8C72854E26C2BEE0006F650C /* BottomSheetConfig.swift */,
				8C72854826C2B9E4006F650C /* BottomSheetHeightPreferenceKey.swift */,
			);
			path = BottomSheet;
			sourceTree = "<group>";
		};
		8C6879C226C268FF00D33186 /* CustomRoundedShape */ = {
			isa = PBXGroup;
			children = (
				8C6879C326C2691500D33186 /* CustomRoundedShape.swift */,
			);
			path = CustomRoundedShape;
			sourceTree = "<group>";
		};
		8C72854426C2B623006F650C /* StatusBar */ = {
			isa = PBXGroup;
			children = (
				8C72854526C2B631006F650C /* StatusBarUtility.swift */,
				8C72854B26C2BA99006F650C /* StatusBarUtilityEnvironmentKey.swift */,
			);
			path = StatusBar;
			sourceTree = "<group>";
		};
		8C82FFE426B976300059862F /* Components */ = {
			isa = PBXGroup;
			children = (
				9AF781202695B8BD00283DFE /* AsymmetricCollectionViewLayout */,
				8C68799426C254B600D33186 /* BottomSheet */,
				8C6879C226C268FF00D33186 /* CustomRoundedShape */,
				8C68796C26C159A200D33186 /* CustomSegmentedControl */,
				9A33035126C2AFDF00B7EC74 /* ExecutionButton */,
				8C912DC326C2C21F0051993A /* ModalView */,
				8C4CF31F26B9846F00EAEABB /* Tooltip */,
				32964BF42694859000FC3B1A /* SynchronisedCollectionView */,
				8C82FFE626B976850059862F /* SupportingViews */,
			);
			path = Components;
			sourceTree = "<group>";
		};
		8C82FFE626B976850059862F /* SupportingViews */ = {
			isa = PBXGroup;
			children = (
				9AA4713926A00E0400C61FD0 /* UITagLabel.swift */,
				9A4E1D9D26AE9ED500DEEE4F /* UIResizableTableViewCell.swift */,
				9A02E45B26C3C902009B2BBC /* RoundedButtonView.swift */,
			);
			path = SupportingViews;
			sourceTree = "<group>";
		};
		8C82FFEC26B9782B0059862F /* Assets */ = {
			isa = PBXGroup;
			children = (
				32A706C626C3E9CF009C8A6C /* AdditionalAssets */,
				32CDD9B7268B0C9F008154AA /* Assets.xcassets */,
				8C82FFEE26B9783E0059862F /* Colors.xcassets */,
			);
			path = Assets;
			sourceTree = "<group>";
		};
		8C912DC326C2C21F0051993A /* ModalView */ = {
			isa = PBXGroup;
			children = (
				8C912DC426C2C2480051993A /* ModalView.swift */,
				8C912DC826C2C6280051993A /* ModalViewModifier.swift */,
			);
			path = ModalView;
			sourceTree = "<group>";
		};
		8CA1FAF626BBE4D600AE58CD /* TooltipElement */ = {
			isa = PBXGroup;
			children = (
				8CA1FAF726BBE4F100AE58CD /* TooltipElementModifier.swift */,
				8CA1FB0B26BBEC7B00AE58CD /* View+TooltipElement.swift */,
			);
			path = TooltipElement;
			sourceTree = "<group>";
		};
		8CA1FAFE26BBEB3800AE58CD /* UIKit */ = {
			isa = PBXGroup;
			children = (
				9AD7EC4C269D750300624F76 /* UIColor+CustomColors.swift */,
				9A82890626AAF1C40077EA9D /* UIImage+CustomImages.swift */,
				9AA4713C26A0210B00C61FD0 /* UIFont+CustomFonts.swift */,
				9AA47135269EFC7200C61FD0 /* UIView+Shadowed.swift */,
				9AC4974F26A6D4C7008A2A38 /* UINavigationController+Appearance.swift */,
				9A812E4C26AA9B7500A5D628 /* UINavigationBar+Blurred.swift */,
			);
			path = UIKit;
			sourceTree = "<group>";
		};
		8CA1FAFF26BBEB3E00AE58CD /* SwiftUI */ = {
			isa = PBXGroup;
			children = (
				8C9C03D126C435340018FAFA /* View+BaseHostingController.swift */,
				8CA1FB0826BBEBEA00AE58CD /* View+AnyView.swift */,
				8C6879C926C2812B00D33186 /* View+Show.swift */,
				8CA1FB0E26BBF9DE00AE58CD /* View+IsHidden.swift */,
				8CA1FB0526BBEBE000AE58CD /* View+ConditionalModifier.swift */,
				8CA1FB0026BBEB4D00AE58CD /* Font+CustomFonts.swift */,
				8C6879C626C269DE00D33186 /* View+CornerRadius.swift */,
				9AD7BAE526C46AFC007DFE9D /* View+ImageBackground.swift */,
			);
			path = SwiftUI;
			sourceTree = "<group>";
		};
		8CA1FB1126BC04A800AE58CD /* Shapes */ = {
			isa = PBXGroup;
			children = (
				8CA1FB1326BC050F00AE58CD /* ArrowShape.swift */,
			);
			path = Shapes;
			sourceTree = "<group>";
		};
		8CA1FB1226BC04AF00AE58CD /* PreferenceKeys */ = {
			isa = PBXGroup;
			children = (
				8CA1FB1726BC05AC00AE58CD /* TooltipBoundsPreferenceKey.swift */,
			);
			path = PreferenceKeys;
			sourceTree = "<group>";
		};
		8CA1FB1626BC057300AE58CD /* Handlers */ = {
			isa = PBXGroup;
			children = (
				8C56BAF726B98B9100DBE86F /* TooltipHandler.swift */,
			);
			path = Handlers;
			sourceTree = "<group>";
		};
		9A02E45A26C3C902009B2BBC /* TooltipDemo */ = {
			isa = PBXGroup;
			children = (
				9A02E45C26C3C902009B2BBC /* TooltipDemoViewModel.swift */,
				9A02E45D26C3C902009B2BBC /* TooltipDemoView.swift */,
			);
			path = TooltipDemo;
			sourceTree = "<group>";
		};
		9A236BDC268F392E000E8643 /* Enums */ = {
			isa = PBXGroup;
			children = (
				9A92CCBC268DA0A300B7A80E /* CategoryItem.swift */,
				32964BEA2692EECC00FC3B1A /* Category.swift */,
			);
			path = Enums;
			sourceTree = "<group>";
		};
		9A236BDD26917AE2000E8643 /* Utilities */ = {
			isa = PBXGroup;
			children = (
				9AD7BAE726C46BB2007DFE9D /* VIewModifiers */,
				9A236BDE26917B1D000E8643 /* Extensions */,
				9ABF4D5B26C15B9F0046721A /* PropertyWrappers */,
				8C0242A626BD4BBC0094029A /* InfoTag */,
				8C72854426C2B623006F650C /* StatusBar */,
				9AC4975126A6D5D5008A2A38 /* Constants.swift */,
				9ABF4D5926C159930046721A /* Observable.swift */,
			);
			path = Utilities;
			sourceTree = "<group>";
		};
		9A236BDE26917B1D000E8643 /* Extensions */ = {
			isa = PBXGroup;
			children = (
				8CA1FAFE26BBEB3800AE58CD /* UIKit */,
				8CA1FAFF26BBEB3E00AE58CD /* SwiftUI */,
				9A236BDF26917B1D000E8643 /* NSObject+Extensions.swift */,
			);
			path = Extensions;
			sourceTree = "<group>";
		};
		9A33035126C2AFDF00B7EC74 /* ExecutionButton */ = {
			isa = PBXGroup;
			children = (
				9A33035626C2B7D100B7EC74 /* ExecutionButton.swift */,
				9A33035426C2B17200B7EC74 /* ExecutionButtonViewModelProtocol.swift */,
				8C912DDB26C2E4B70051993A /* ExecutionButtonWidthPreferenceKey.swift */,
				9A33035226C2B05C00B7EC74 /* ExecutionButtonState.swift */,
				8C912DDE26C2E5720051993A /* ExecutionButtonConfig.swift */,
			);
			path = ExecutionButton;
			sourceTree = "<group>";
		};
		9A7416F7269C27D800DD5945 /* Fonts */ = {
			isa = PBXGroup;
			children = (
				8CA1FAFB26BBEB1B00AE58CD /* CustomFont.swift */,
				9A7416FA269C28E300DD5945 /* OpenSans-Regular.ttf */,
			);
			path = Fonts;
			sourceTree = "<group>";
		};
		9A92CC8C268C7A8A00B7A80E /* CategoryItemsScene */ = {
			isa = PBXGroup;
			children = (
				9A92CC9D268CA55800B7A80E /* CategoryItemsListViewModel.swift */,
				9A236BE126917C22000E8643 /* CategoryItemsListViewModelCoordinatorDelegate.swift */,
			);
			path = CategoryItemsScene;
			sourceTree = "<group>";
		};
		9A92CC91268C7B7300B7A80E /* CategoryTableViewCell */ = {
			isa = PBXGroup;
			children = (
				9A92CC92268C7BA300B7A80E /* CategoryItemTableViewCell.swift */,
				9A92CC93268C7BA300B7A80E /* CategoryItemTableViewCell.xib */,
				9A92CCA4268CAB4300B7A80E /* CategoryItemTableViewCellViewModelProtocol.swift */,
				9A92CCA6268CAB8A00B7A80E /* CategoryItemTableViewCellViewModel.swift */,
			);
			path = CategoryTableViewCell;
			sourceTree = "<group>";
		};
		9A92CC99268C91C000B7A80E /* Modules */ = {
			isa = PBXGroup;
			children = (
				32CDD9FC268CC255008154AA /* CategoryModule */,
				9ABF4D3A26C157980046721A /* DemoModule */,
			);
			path = Modules;
			sourceTree = "<group>";
		};
		9A92CCBB268DA09400B7A80E /* Models */ = {
			isa = PBXGroup;
			children = (
				9A236BDC268F392E000E8643 /* Enums */,
			);
			path = Models;
			sourceTree = "<group>";
		};
		9ABF4D3A26C157980046721A /* DemoModule */ = {
			isa = PBXGroup;
			children = (
				9A02E45A26C3C902009B2BBC /* TooltipDemo */,
				9ABF4D3B26C157980046721A /* AsymmetricCollectionDemo */,
				8C5D9FFD26C42D7D00887134 /* BottomSheetDemo */,
			);
			path = DemoModule;
			sourceTree = "<group>";
		};
		9ABF4D3B26C157980046721A /* AsymmetricCollectionDemo */ = {
			isa = PBXGroup;
			children = (
				9ABF4D3C26C157980046721A /* AsymmetricCollectionDemoCoordinator.swift */,
				9ABF4D4226C157980046721A /* AsymmetricCollectionDemoScene */,
				9ABF4D3D26C157980046721A /* AsymmetricCollectionSettingsScene */,
			);
			path = AsymmetricCollectionDemo;
			sourceTree = "<group>";
		};
		9ABF4D3D26C157980046721A /* AsymmetricCollectionSettingsScene */ = {
			isa = PBXGroup;
			children = (
				9ABF4D4026C157980046721A /* AsymmetricCollectionSettingsViewController.swift */,
				9ABF4D3E26C157980046721A /* AsymmetricCollectionSettingsViewController.xib */,
				9ABF4D3F26C157980046721A /* AsymmetricCollectionSettingsViewModelProtocol.swift */,
				9ABF4D4126C157980046721A /* AsymmetricCollectionSettingsViewModel.swift */,
			);
			path = AsymmetricCollectionSettingsScene;
			sourceTree = "<group>";
		};
		9ABF4D4226C157980046721A /* AsymmetricCollectionDemoScene */ = {
			isa = PBXGroup;
			children = (
				9ABF4D4526C157980046721A /* AsymmetricCollectionDemoViewController.swift */,
				9ABF4D4326C157980046721A /* AsymmetricCollectionDemoViewController.xib */,
				9ABF4D4A26C157980046721A /* AsymmetricCollectionDemoViewModelProtocol.swift */,
				9ABF4D4626C157980046721A /* AsymmetricCollectionDemoViewModel.swift */,
				9ABF4D4426C157980046721A /* AsymmetricCollectionDemoViewModelCoordinatorDelegate.swift */,
				9ABF4D4726C157980046721A /* AsymmetricCollectionViewCell */,
			);
			path = AsymmetricCollectionDemoScene;
			sourceTree = "<group>";
		};
		9ABF4D4726C157980046721A /* AsymmetricCollectionViewCell */ = {
			isa = PBXGroup;
			children = (
				9ABF4D4826C157980046721A /* AsymmetricCollectionViewCell.xib */,
				9ABF4D4926C157980046721A /* AsymmetricCollectionViewCell.swift */,
			);
			path = AsymmetricCollectionViewCell;
			sourceTree = "<group>";
		};
		9ABF4D5B26C15B9F0046721A /* PropertyWrappers */ = {
			isa = PBXGroup;
			children = (
				9ABF4D5726C159840046721A /* Constrained.swift */,
			);
			path = PropertyWrappers;
			sourceTree = "<group>";
		};
		9AD7BAE726C46BB2007DFE9D /* VIewModifiers */ = {
			isa = PBXGroup;
			children = (
				9AD7BAE826C46BC8007DFE9D /* ImageBackgroundViewModifier.swift */,
			);
			path = VIewModifiers;
			sourceTree = "<group>";
		};
		9AF781202695B8BD00283DFE /* AsymmetricCollectionViewLayout */ = {
			isa = PBXGroup;
			children = (
				9AF781212695B8EE00283DFE /* AsymmetricCollectionViewLayout.swift */,
				9AF781252695B9B000283DFE /* AsymmetricCollectionViewLayoutConfigurator.swift */,
			);
			path = AsymmetricCollectionViewLayout;
			sourceTree = "<group>";
		};
		C36A6F754EB363BA4393F08F /* Frameworks */ = {
			isa = PBXGroup;
			children = (
				6BF6E06D26D10038C691F09B /* Pods_SFPortfolioApp.framework */,
			);
			name = Frameworks;
			sourceTree = "<group>";
		};
/* End PBXGroup section */

/* Begin PBXNativeTarget section */
		32CDD9AA268B0C9C008154AA /* SFPortfolioApp */ = {
			isa = PBXNativeTarget;
			buildConfigurationList = 32CDD9BF268B0C9F008154AA /* Build configuration list for PBXNativeTarget "SFPortfolioApp" */;
			buildPhases = (
				EE4928F02A1CF63043808FF2 /* [CP] Check Pods Manifest.lock */,
				32CDD9A7268B0C9C008154AA /* Sources */,
				32CDD9A8268B0C9C008154AA /* Frameworks */,
				32CDD9A9268B0C9C008154AA /* Resources */,
				640C8B4E52D3CBC5D998AC63 /* [CP] Embed Pods Frameworks */,
			);
			buildRules = (
			);
			dependencies = (
			);
			name = SFPortfolioApp;
			productName = SFPortfolioApp;
			productReference = 32CDD9AB268B0C9C008154AA /* SFPortfolioApp.app */;
			productType = "com.apple.product-type.application";
		};
/* End PBXNativeTarget section */

/* Begin PBXProject section */
		32CDD9A3268B0C9C008154AA /* Project object */ = {
			isa = PBXProject;
			attributes = {
				LastSwiftUpdateCheck = 1250;
				LastUpgradeCheck = 1250;
				TargetAttributes = {
					32CDD9AA268B0C9C008154AA = {
						CreatedOnToolsVersion = 12.5;
					};
				};
			};
			buildConfigurationList = 32CDD9A6268B0C9C008154AA /* Build configuration list for PBXProject "SFPortfolioApp" */;
			compatibilityVersion = "Xcode 9.3";
			developmentRegion = en;
			hasScannedForEncodings = 0;
			knownRegions = (
				en,
				Base,
			);
			mainGroup = 32CDD9A2268B0C9C008154AA;
			productRefGroup = 32CDD9AC268B0C9C008154AA /* Products */;
			projectDirPath = "";
			projectRoot = "";
			targets = (
				32CDD9AA268B0C9C008154AA /* SFPortfolioApp */,
			);
		};
/* End PBXProject section */

/* Begin PBXResourcesBuildPhase section */
		32CDD9A9268B0C9C008154AA /* Resources */ = {
			isa = PBXResourcesBuildPhase;
			buildActionMask = 2147483647;
			files = (
				32964C0226948C9000FC3B1A /* TabBarCollectionViewCell.xib in Resources */,
				32964BF92694874900FC3B1A /* SynchronisedCollectionViewsViewController.xib in Resources */,
				32964C0D26959CBB00FC3B1A /* DetailsCollectionViewCell.xib in Resources */,
				9ABF4D4C26C157980046721A /* AsymmetricCollectionSettingsViewController.xib in Resources */,
				9ABF4D5026C157990046721A /* AsymmetricCollectionDemoViewController.xib in Resources */,
				3274B38A268EF59E00E1B445 /* ListViewController.xib in Resources */,
				32CDD9BB268B0C9F008154AA /* LaunchScreen.storyboard in Resources */,
				9A7416FB269C28E300DD5945 /* OpenSans-Regular.ttf in Resources */,
				9ABF4D5426C157990046721A /* AsymmetricCollectionViewCell.xib in Resources */,
				8C82FFEF26B9783E0059862F /* Colors.xcassets in Resources */,
				9A92CC95268C7BA300B7A80E /* CategoryItemTableViewCell.xib in Resources */,
				32CDD9B8268B0C9F008154AA /* Assets.xcassets in Resources */,
			);
			runOnlyForDeploymentPostprocessing = 0;
		};
/* End PBXResourcesBuildPhase section */

/* Begin PBXShellScriptBuildPhase section */
		640C8B4E52D3CBC5D998AC63 /* [CP] Embed Pods Frameworks */ = {
			isa = PBXShellScriptBuildPhase;
			buildActionMask = 2147483647;
			files = (
			);
			inputFileListPaths = (
				"${PODS_ROOT}/Target Support Files/Pods-SFPortfolioApp/Pods-SFPortfolioApp-frameworks-${CONFIGURATION}-input-files.xcfilelist",
			);
			name = "[CP] Embed Pods Frameworks";
			outputFileListPaths = (
				"${PODS_ROOT}/Target Support Files/Pods-SFPortfolioApp/Pods-SFPortfolioApp-frameworks-${CONFIGURATION}-output-files.xcfilelist",
			);
			runOnlyForDeploymentPostprocessing = 0;
			shellPath = /bin/sh;
			shellScript = "\"${PODS_ROOT}/Target Support Files/Pods-SFPortfolioApp/Pods-SFPortfolioApp-frameworks.sh\"\n";
			showEnvVarsInLog = 0;
		};
		EE4928F02A1CF63043808FF2 /* [CP] Check Pods Manifest.lock */ = {
			isa = PBXShellScriptBuildPhase;
			buildActionMask = 2147483647;
			files = (
			);
			inputFileListPaths = (
			);
			inputPaths = (
				"${PODS_PODFILE_DIR_PATH}/Podfile.lock",
				"${PODS_ROOT}/Manifest.lock",
			);
			name = "[CP] Check Pods Manifest.lock";
			outputFileListPaths = (
			);
			outputPaths = (
				"$(DERIVED_FILE_DIR)/Pods-SFPortfolioApp-checkManifestLockResult.txt",
			);
			runOnlyForDeploymentPostprocessing = 0;
			shellPath = /bin/sh;
			shellScript = "diff \"${PODS_PODFILE_DIR_PATH}/Podfile.lock\" \"${PODS_ROOT}/Manifest.lock\" > /dev/null\nif [ $? != 0 ] ; then\n    # print error to STDERR\n    echo \"error: The sandbox is not in sync with the Podfile.lock. Run 'pod install' or update your CocoaPods installation.\" >&2\n    exit 1\nfi\n# This output is used by Xcode 'outputs' to avoid re-running this script phase.\necho \"SUCCESS\" > \"${SCRIPT_OUTPUT_FILE_0}\"\n";
			showEnvVarsInLog = 0;
		};
/* End PBXShellScriptBuildPhase section */

/* Begin PBXSourcesBuildPhase section */
		32CDD9A7268B0C9C008154AA /* Sources */ = {
			isa = PBXSourcesBuildPhase;
			buildActionMask = 2147483647;
			files = (
				8C912DC526C2C2480051993A /* ModalView.swift in Sources */,
				3274B388268EF58200E1B445 /* ListViewController.swift in Sources */,
				8C6879CA26C2812B00D33186 /* View+Show.swift in Sources */,
				8C4CF32526B9854400EAEABB /* TooltipConfig.swift in Sources */,
				32CDD9C6268B46ED008154AA /* AppCoordinator.swift in Sources */,
				8C72854F26C2BEE0006F650C /* BottomSheetConfig.swift in Sources */,
				8C4CF32826B9854F00EAEABB /* TooltipTransitionConfig.swift in Sources */,
				9AF781222695B8EE00283DFE /* AsymmetricCollectionViewLayout.swift in Sources */,
				8C68797626C15E8F00D33186 /* SegmentedControlViewModel.swift in Sources */,
				9A02E45F26C3C902009B2BBC /* TooltipDemoViewModel.swift in Sources */,
				8C68799626C254FD00D33186 /* BottomSheetView.swift in Sources */,
				8C6879C426C2691500D33186 /* CustomRoundedShape.swift in Sources */,
				8C912DDC26C2E4B70051993A /* ExecutionButtonWidthPreferenceKey.swift in Sources */,
				8C912DDF26C2E5720051993A /* ExecutionButtonConfig.swift in Sources */,
				32964BEB2692EECC00FC3B1A /* Category.swift in Sources */,
				8C6879C726C269DE00D33186 /* View+CornerRadius.swift in Sources */,
				32964C132695D92C00FC3B1A /* SynchronisedCollectionViews.swift in Sources */,
				32C92B8526A5720700245BA8 /* SynchronisedCollectionViewsLayoutConfigurator.swift in Sources */,
				32964C0C26959CBB00FC3B1A /* DetailsCollectionViewCell.swift in Sources */,
				32964BF82694874900FC3B1A /* SynchronisedCollectionViewsViewController.swift in Sources */,
				32964BEB2692EECC00FC3B1A /* Category.swift in Sources */,
				32964C082694ECBF00FC3B1A /* SynchronisedCollectionViewsViewModelProtocol.swift in Sources */,
				9ABF4D4E26C157990046721A /* AsymmetricCollectionSettingsViewController.swift in Sources */,
				8CA1FB1426BC050F00AE58CD /* ArrowShape.swift in Sources */,
				8CA1FB0F26BBF9DE00AE58CD /* View+IsHidden.swift in Sources */,
				8CA1FB0C26BBEC7B00AE58CD /* View+TooltipElement.swift in Sources */,
				32964BEF2693205900FC3B1A /* CategoryListViewModelCoordinatorDelegate.swift in Sources */,
				9AD7BAE626C46AFC007DFE9D /* View+ImageBackground.swift in Sources */,
				9AC4975226A6D5D5008A2A38 /* Constants.swift in Sources */,
				9A92CCA7268CAB8A00B7A80E /* CategoryItemTableViewCellViewModel.swift in Sources */,
				8CA1FAFC26BBEB1B00AE58CD /* CustomFont.swift in Sources */,
				32964BF12693453D00FC3B1A /* CategoryListViewModel.swift in Sources */,
				9ABF4D5626C157990046721A /* AsymmetricCollectionDemoViewModelProtocol.swift in Sources */,
				9ABF4D5526C157990046721A /* AsymmetricCollectionViewCell.swift in Sources */,
				9A92CCA5268CAB4300B7A80E /* CategoryItemTableViewCellViewModelProtocol.swift in Sources */,
				9AD7EC4D269D750300624F76 /* UIColor+CustomColors.swift in Sources */,
				8CA1FB1826BC05AC00AE58CD /* TooltipBoundsPreferenceKey.swift in Sources */,
				9AA4713A26A00E0400C61FD0 /* UITagLabel.swift in Sources */,
				8CA1FAF826BBE4F100AE58CD /* TooltipElementModifier.swift in Sources */,
				8C72854926C2B9E4006F650C /* BottomSheetHeightPreferenceKey.swift in Sources */,
				9AA4713D26A0210B00C61FD0 /* UIFont+CustomFonts.swift in Sources */,
				9ABF4D5126C157990046721A /* AsymmetricCollectionDemoViewModelCoordinatorDelegate.swift in Sources */,
				9ABF4D5A26C159930046721A /* Observable.swift in Sources */,
				9A33035526C2B17200B7EC74 /* ExecutionButtonViewModelProtocol.swift in Sources */,
				8C9C03C926C431FC0018FAFA /* BottomSheetDemoView.swift in Sources */,
				32CDD9AF268B0C9C008154AA /* AppDelegate.swift in Sources */,
				8C4CF32126B9853A00EAEABB /* Tooltip.swift in Sources */,
				8C68799A26C2551B00D33186 /* BottomSheetViewModel.swift in Sources */,
				32C13190268F3ABC000EDC1C /* CategoryCoordinator.swift in Sources */,
				9A236BE226917C22000E8643 /* CategoryItemsListViewModelCoordinatorDelegate.swift in Sources */,
				9A02E46026C3C902009B2BBC /* TooltipDemoView.swift in Sources */,
				9ABF4D5826C159840046721A /* Constrained.swift in Sources */,
				9ABF4D4D26C157980046721A /* AsymmetricCollectionSettingsViewModelProtocol.swift in Sources */,
				9A812E4D26AA9B7500A5D628 /* UINavigationBar+Blurred.swift in Sources */,
				9A236BE026917B1D000E8643 /* NSObject+Extensions.swift in Sources */,
				9ABF4D4B26C157980046721A /* AsymmetricCollectionDemoCoordinator.swift in Sources */,
				9ABF4D5226C157990046721A /* AsymmetricCollectionDemoViewController.swift in Sources */,
				9A92CC94268C7BA300B7A80E /* CategoryItemTableViewCell.swift in Sources */,
				8C72854C26C2BA99006F650C /* StatusBarUtilityEnvironmentKey.swift in Sources */,
				9A02E45E26C3C902009B2BBC /* RoundedButtonView.swift in Sources */,
				9A4E1D9E26AE9ED500DEEE4F /* UIResizableTableViewCell.swift in Sources */,
				8C68797926C15EAF00D33186 /* TabItemModel.swift in Sources */,
				9AA47136269EFC7200C61FD0 /* UIView+Shadowed.swift in Sources */,
				9ABF4D5326C157990046721A /* AsymmetricCollectionDemoViewModel.swift in Sources */,
				8C72854626C2B631006F650C /* StatusBarUtility.swift in Sources */,
				9A82890726AAF1C40077EA9D /* UIImage+CustomImages.swift in Sources */,
				8C0242A826BD4BD40094029A /* InfoTagProtocol.swift in Sources */,
				9AD7BAE926C46BC8007DFE9D /* ImageBackgroundViewModifier.swift in Sources */,
				8CA1FB0126BBEB4D00AE58CD /* Font+CustomFonts.swift in Sources */,
				8C56BB0026BBBD8A00DBE86F /* TooltipApplicableModifier.swift in Sources */,
				8C56BAF826B98B9100DBE86F /* TooltipHandler.swift in Sources */,
				8C68796E26C159CD00D33186 /* SegmentedControlView.swift in Sources */,
				8C68797326C15B0800D33186 /* SegmentedControlItemView.swift in Sources */,
				8C9C03CC26C432070018FAFA /* BottomSheetDemoViewModel.swift in Sources */,
				8C9C03CF26C432F00018FAFA /* BaseHostingController.swift in Sources */,
				8C68797D26C172FA00D33186 /* SegmentedControlViewConfig.swift in Sources */,
				32964BE92692E0EC00FC3B1A /* ListViewModelProtocol.swift in Sources */,
				32964C0126948C9000FC3B1A /* TabBarCollectionViewCell.swift in Sources */,
				32964BFB2694876300FC3B1A /* SynchronisedCollectionViewsViewModel.swift in Sources */,
				32964BFD26948BC100FC3B1A /* SyncronisedCollectionViewMockIcons.swift in Sources */,
				32C92B8426A5720700245BA8 /* SynchronisedCollectionViewsLayout.swift in Sources */,
				32964C1126959F5D00FC3B1A /* DetailsCollectionViewCellViewModel.swift in Sources */,
				32964C042694AF8600FC3B1A /* TabBarCollectionViewCellViewModel.swift in Sources */,
				32964C062694AF9A00FC3B1A /* TabBarCollectionViewCellViewModelProtocol.swift in Sources */,
				32964C0F26959F4700FC3B1A /* DetailsCollectionViewCellViewModelProtocol.swift in Sources */,
				8C9F6C2226BD1D2800A599D0 /* TooltipIdentity.swift in Sources */,
				8C56BB0426BBE02A00DBE86F /* View+TooltipApplicable.swift in Sources */,
				32CDD9B1268B0C9C008154AA /* SceneDelegate.swift in Sources */,
				8C9C03D226C435340018FAFA /* View+BaseHostingController.swift in Sources */,
				9ABF4D4F26C157990046721A /* AsymmetricCollectionSettingsViewModel.swift in Sources */,
				9A33035326C2B05C00B7EC74 /* ExecutionButtonState.swift in Sources */,
				9AF781262695B9B000283DFE /* AsymmetricCollectionViewLayoutConfigurator.swift in Sources */,
				8C0242AC26BD4C570094029A /* ViewOriginInfoTag.swift in Sources */,
				9A92CCBD268DA0A300B7A80E /* CategoryItem.swift in Sources */,
				8C912DC926C2C6280051993A /* ModalViewModifier.swift in Sources */,
				9A33035726C2B7D100B7EC74 /* ExecutionButton.swift in Sources */,
				8CA1FB0926BBEBEA00AE58CD /* View+AnyView.swift in Sources */,
				8CA1FB0626BBEBE000AE58CD /* View+ConditionalModifier.swift in Sources */,
				9A92CC9E268CA55800B7A80E /* CategoryItemsListViewModel.swift in Sources */,
				9AC4975026A6D4C7008A2A38 /* UINavigationController+Appearance.swift in Sources */,
			);
			runOnlyForDeploymentPostprocessing = 0;
		};
/* End PBXSourcesBuildPhase section */

/* Begin PBXVariantGroup section */
		32CDD9B9268B0C9F008154AA /* LaunchScreen.storyboard */ = {
			isa = PBXVariantGroup;
			children = (
				32CDD9BA268B0C9F008154AA /* Base */,
			);
			name = LaunchScreen.storyboard;
			sourceTree = "<group>";
		};
/* End PBXVariantGroup section */

/* Begin XCBuildConfiguration section */
		32CDD9BD268B0C9F008154AA /* Debug */ = {
			isa = XCBuildConfiguration;
			buildSettings = {
				ALWAYS_SEARCH_USER_PATHS = NO;
				CLANG_ANALYZER_NONNULL = YES;
				CLANG_ANALYZER_NUMBER_OBJECT_CONVERSION = YES_AGGRESSIVE;
				CLANG_CXX_LANGUAGE_STANDARD = "gnu++14";
				CLANG_CXX_LIBRARY = "libc++";
				CLANG_ENABLE_MODULES = YES;
				CLANG_ENABLE_OBJC_ARC = YES;
				CLANG_ENABLE_OBJC_WEAK = YES;
				CLANG_WARN_BLOCK_CAPTURE_AUTORELEASING = YES;
				CLANG_WARN_BOOL_CONVERSION = YES;
				CLANG_WARN_COMMA = YES;
				CLANG_WARN_CONSTANT_CONVERSION = YES;
				CLANG_WARN_DEPRECATED_OBJC_IMPLEMENTATIONS = YES;
				CLANG_WARN_DIRECT_OBJC_ISA_USAGE = YES_ERROR;
				CLANG_WARN_DOCUMENTATION_COMMENTS = YES;
				CLANG_WARN_EMPTY_BODY = YES;
				CLANG_WARN_ENUM_CONVERSION = YES;
				CLANG_WARN_INFINITE_RECURSION = YES;
				CLANG_WARN_INT_CONVERSION = YES;
				CLANG_WARN_NON_LITERAL_NULL_CONVERSION = YES;
				CLANG_WARN_OBJC_IMPLICIT_RETAIN_SELF = YES;
				CLANG_WARN_OBJC_LITERAL_CONVERSION = YES;
				CLANG_WARN_OBJC_ROOT_CLASS = YES_ERROR;
				CLANG_WARN_QUOTED_INCLUDE_IN_FRAMEWORK_HEADER = YES;
				CLANG_WARN_RANGE_LOOP_ANALYSIS = YES;
				CLANG_WARN_STRICT_PROTOTYPES = YES;
				CLANG_WARN_SUSPICIOUS_MOVE = YES;
				CLANG_WARN_UNGUARDED_AVAILABILITY = YES_AGGRESSIVE;
				CLANG_WARN_UNREACHABLE_CODE = YES;
				CLANG_WARN__DUPLICATE_METHOD_MATCH = YES;
				COPY_PHASE_STRIP = NO;
				DEBUG_INFORMATION_FORMAT = dwarf;
				ENABLE_STRICT_OBJC_MSGSEND = YES;
				ENABLE_TESTABILITY = YES;
				GCC_C_LANGUAGE_STANDARD = gnu11;
				GCC_DYNAMIC_NO_PIC = NO;
				GCC_NO_COMMON_BLOCKS = YES;
				GCC_OPTIMIZATION_LEVEL = 0;
				GCC_PREPROCESSOR_DEFINITIONS = (
					"DEBUG=1",
					"$(inherited)",
				);
				GCC_WARN_64_TO_32_BIT_CONVERSION = YES;
				GCC_WARN_ABOUT_RETURN_TYPE = YES_ERROR;
				GCC_WARN_UNDECLARED_SELECTOR = YES;
				GCC_WARN_UNINITIALIZED_AUTOS = YES_AGGRESSIVE;
				GCC_WARN_UNUSED_FUNCTION = YES;
				GCC_WARN_UNUSED_VARIABLE = YES;
				IPHONEOS_DEPLOYMENT_TARGET = 14.1;
				MTL_ENABLE_DEBUG_INFO = INCLUDE_SOURCE;
				MTL_FAST_MATH = YES;
				ONLY_ACTIVE_ARCH = YES;
				SDKROOT = iphoneos;
				SWIFT_ACTIVE_COMPILATION_CONDITIONS = DEBUG;
				SWIFT_OPTIMIZATION_LEVEL = "-Onone";
			};
			name = Debug;
		};
		32CDD9BE268B0C9F008154AA /* Release */ = {
			isa = XCBuildConfiguration;
			buildSettings = {
				ALWAYS_SEARCH_USER_PATHS = NO;
				CLANG_ANALYZER_NONNULL = YES;
				CLANG_ANALYZER_NUMBER_OBJECT_CONVERSION = YES_AGGRESSIVE;
				CLANG_CXX_LANGUAGE_STANDARD = "gnu++14";
				CLANG_CXX_LIBRARY = "libc++";
				CLANG_ENABLE_MODULES = YES;
				CLANG_ENABLE_OBJC_ARC = YES;
				CLANG_ENABLE_OBJC_WEAK = YES;
				CLANG_WARN_BLOCK_CAPTURE_AUTORELEASING = YES;
				CLANG_WARN_BOOL_CONVERSION = YES;
				CLANG_WARN_COMMA = YES;
				CLANG_WARN_CONSTANT_CONVERSION = YES;
				CLANG_WARN_DEPRECATED_OBJC_IMPLEMENTATIONS = YES;
				CLANG_WARN_DIRECT_OBJC_ISA_USAGE = YES_ERROR;
				CLANG_WARN_DOCUMENTATION_COMMENTS = YES;
				CLANG_WARN_EMPTY_BODY = YES;
				CLANG_WARN_ENUM_CONVERSION = YES;
				CLANG_WARN_INFINITE_RECURSION = YES;
				CLANG_WARN_INT_CONVERSION = YES;
				CLANG_WARN_NON_LITERAL_NULL_CONVERSION = YES;
				CLANG_WARN_OBJC_IMPLICIT_RETAIN_SELF = YES;
				CLANG_WARN_OBJC_LITERAL_CONVERSION = YES;
				CLANG_WARN_OBJC_ROOT_CLASS = YES_ERROR;
				CLANG_WARN_QUOTED_INCLUDE_IN_FRAMEWORK_HEADER = YES;
				CLANG_WARN_RANGE_LOOP_ANALYSIS = YES;
				CLANG_WARN_STRICT_PROTOTYPES = YES;
				CLANG_WARN_SUSPICIOUS_MOVE = YES;
				CLANG_WARN_UNGUARDED_AVAILABILITY = YES_AGGRESSIVE;
				CLANG_WARN_UNREACHABLE_CODE = YES;
				CLANG_WARN__DUPLICATE_METHOD_MATCH = YES;
				COPY_PHASE_STRIP = NO;
				DEBUG_INFORMATION_FORMAT = "dwarf-with-dsym";
				ENABLE_NS_ASSERTIONS = NO;
				ENABLE_STRICT_OBJC_MSGSEND = YES;
				GCC_C_LANGUAGE_STANDARD = gnu11;
				GCC_NO_COMMON_BLOCKS = YES;
				GCC_WARN_64_TO_32_BIT_CONVERSION = YES;
				GCC_WARN_ABOUT_RETURN_TYPE = YES_ERROR;
				GCC_WARN_UNDECLARED_SELECTOR = YES;
				GCC_WARN_UNINITIALIZED_AUTOS = YES_AGGRESSIVE;
				GCC_WARN_UNUSED_FUNCTION = YES;
				GCC_WARN_UNUSED_VARIABLE = YES;
				IPHONEOS_DEPLOYMENT_TARGET = 14.1;
				MTL_ENABLE_DEBUG_INFO = NO;
				MTL_FAST_MATH = YES;
				SDKROOT = iphoneos;
				SWIFT_COMPILATION_MODE = wholemodule;
				SWIFT_OPTIMIZATION_LEVEL = "-O";
				VALIDATE_PRODUCT = YES;
			};
			name = Release;
		};
		32CDD9C0268B0C9F008154AA /* Debug */ = {
			isa = XCBuildConfiguration;
			baseConfigurationReference = 5D9513F81B8472EFA1D19131 /* Pods-SFPortfolioApp.debug.xcconfig */;
			buildSettings = {
				ASSETCATALOG_COMPILER_APPICON_NAME = AppIcon;
				ASSETCATALOG_COMPILER_GLOBAL_ACCENT_COLOR_NAME = AccentColor;
				CODE_SIGN_IDENTITY = "Apple Development";
				CODE_SIGN_STYLE = Automatic;
				DEVELOPMENT_TEAM = "";
				INFOPLIST_FILE = SFPortfolioApp/SupportingFiles/Info.plist;
				IPHONEOS_DEPLOYMENT_TARGET = 14.1;
				LD_RUNPATH_SEARCH_PATHS = (
					"$(inherited)",
					"@executable_path/Frameworks",
				);
				PRODUCT_BUNDLE_IDENTIFIER = com.scalefocus.SFPortfolioApp;
				PRODUCT_NAME = "$(TARGET_NAME)";
				PROVISIONING_PROFILE_SPECIFIER = "";
				SWIFT_VERSION = 5.0;
				TARGETED_DEVICE_FAMILY = "1,2";
			};
			name = Debug;
		};
		32CDD9C1268B0C9F008154AA /* Release */ = {
			isa = XCBuildConfiguration;
			baseConfigurationReference = 7EA84DCE6887E7E644D97DC9 /* Pods-SFPortfolioApp.release.xcconfig */;
			buildSettings = {
				ASSETCATALOG_COMPILER_APPICON_NAME = AppIcon;
				ASSETCATALOG_COMPILER_GLOBAL_ACCENT_COLOR_NAME = AccentColor;
				CODE_SIGN_IDENTITY = "Apple Development";
				CODE_SIGN_STYLE = Automatic;
				DEVELOPMENT_TEAM = "";
				INFOPLIST_FILE = SFPortfolioApp/SupportingFiles/Info.plist;
				IPHONEOS_DEPLOYMENT_TARGET = 14.1;
				LD_RUNPATH_SEARCH_PATHS = (
					"$(inherited)",
					"@executable_path/Frameworks",
				);
				PRODUCT_BUNDLE_IDENTIFIER = com.scalefocus.SFPortfolioApp;
				PRODUCT_NAME = "$(TARGET_NAME)";
				PROVISIONING_PROFILE_SPECIFIER = "";
				SWIFT_VERSION = 5.0;
				TARGETED_DEVICE_FAMILY = "1,2";
			};
			name = Release;
		};
/* End XCBuildConfiguration section */

/* Begin XCConfigurationList section */
		32CDD9A6268B0C9C008154AA /* Build configuration list for PBXProject "SFPortfolioApp" */ = {
			isa = XCConfigurationList;
			buildConfigurations = (
				32CDD9BD268B0C9F008154AA /* Debug */,
				32CDD9BE268B0C9F008154AA /* Release */,
			);
			defaultConfigurationIsVisible = 0;
			defaultConfigurationName = Release;
		};
		32CDD9BF268B0C9F008154AA /* Build configuration list for PBXNativeTarget "SFPortfolioApp" */ = {
			isa = XCConfigurationList;
			buildConfigurations = (
				32CDD9C0268B0C9F008154AA /* Debug */,
				32CDD9C1268B0C9F008154AA /* Release */,
			);
			defaultConfigurationIsVisible = 0;
			defaultConfigurationName = Release;
		};
/* End XCConfigurationList section */
	};
	rootObject = 32CDD9A3268B0C9C008154AA /* Project object */;
}
